# THIS IS AN AUTOGENERATED FILE. DO NOT EDIT THIS FILE DIRECTLY.
# yarn lockfile v1


"@babel/code-frame@^7.12.13":
  version "7.18.6"
  resolved "https://registry.npmjs.org/@babel/code-frame/-/code-frame-7.18.6.tgz#3b25d38c89600baa2dcc219edfa88a74eb2c427a"
  integrity sha512-TDCmlK5eOvH+eH7cdAFlNXeVJqWIQ7gW9tY1GJIpUtFb6CmjVyq2VM3u71bOyR8CRihcCgMUYoDNyLXao3+70Q==
  dependencies:
    "@babel/highlight" "^7.18.6"

"@babel/helper-validator-identifier@^7.18.6":
  version "7.18.6"
  resolved "https://registry.npmjs.org/@babel/helper-validator-identifier/-/helper-validator-identifier-7.18.6.tgz#9c97e30d31b2b8c72a1d08984f2ca9b574d7a076"
  integrity sha512-MmetCkz9ej86nJQV+sFCxoGGrUbU3q02kgLciwkrt9QqEB7cP39oKEY0PakknEO0Gu20SskMRi+AYZ3b1TpN9g==

"@babel/highlight@^7.18.6":
  version "7.18.6"
  resolved "https://registry.npmjs.org/@babel/highlight/-/highlight-7.18.6.tgz#81158601e93e2563795adcbfbdf5d64be3f2ecdf"
  integrity sha512-u7stbOuYjaPezCuLj29hNW1v64M2Md2qupEKP1fHc7WdOA3DgLh37suiSrZYY7haUB7iBeQZ9P1uiRF359do3g==
  dependencies:
    "@babel/helper-validator-identifier" "^7.18.6"
    chalk "^2.0.0"
    js-tokens "^4.0.0"

"@bluelovers/extend-bases@^2.0.2":
  version "2.0.2"
  resolved "https://registry.npmjs.org/@bluelovers/extend-bases/-/extend-bases-2.0.2.tgz#7df57c523c3a216007a794a8da9155f19e68a74f"
  integrity sha512-QbZ14A4VsmumNHgyi8GcoV30CcCSNzzjrEFnOxIyZkYZwp5TOY7cgt4NFO2Moq0XJNbZMyBMKK8ozkle5UpM1g==
  dependencies:
    array.prototype.flatmap "^1.3.0"
    class-without-call-parent-constructor "^2.0.5"
    reflect.ownkeys "^1.1.0"

"@bluelovers/tsconfig@^1.0.30":
  version "1.0.30"
  resolved "https://registry.npmjs.org/@bluelovers/tsconfig/-/tsconfig-1.0.30.tgz#a1ec24a2fc885656270a5d1060caf473d4b4aaa8"
  integrity sha512-q+CdA9WcRIfWSwfnyULeTWvAwG7velfOq1pklfo5sL3j/tCjAvJitmo7SG06t8l1/Z8j3S+s4ant8R3WF9GLZA==
  dependencies:
    tslib "^2.3.1"

"@jest/expect-utils@^29.0.1":
  version "29.0.1"
  resolved "https://registry.npmjs.org/@jest/expect-utils/-/expect-utils-29.0.1.tgz#c1a84ee66caaef537f351dd82f7c63d559cf78d5"
  integrity sha512-Tw5kUUOKmXGQDmQ9TSgTraFFS7HMC1HG/B7y0AN2G2UzjdAXz9BzK2rmNpCSDl7g7y0Gf/VLBm//blonvhtOTQ==
  dependencies:
    jest-get-type "^29.0.0"

"@jest/schemas@^29.0.0":
  version "29.0.0"
  resolved "https://registry.npmjs.org/@jest/schemas/-/schemas-29.0.0.tgz#5f47f5994dd4ef067fb7b4188ceac45f77fe952a"
  integrity sha512-3Ab5HgYIIAnS0HjqJHQYZS+zXc4tUmTmBH3z83ajI6afXp8X3ZtdLX+nXx+I7LNkJD7uN9LAVhgnjDgZa2z0kA==
  dependencies:
    "@sinclair/typebox" "^0.24.1"

"@jest/types@^29.0.1":
  version "29.0.1"
  resolved "https://registry.npmjs.org/@jest/types/-/types-29.0.1.tgz#1985650acf137bdb81710ff39a4689ec071dd86a"
  integrity sha512-ft01rxzVsbh9qZPJ6EFgAIj3PT9FCRfBF9Xljo2/33VDOUjLZr0ZJ2oKANqh9S/K0/GERCsHDAQlBwj7RxA+9g==
  dependencies:
    "@jest/schemas" "^29.0.0"
    "@types/istanbul-lib-coverage" "^2.0.0"
    "@types/istanbul-reports" "^3.0.0"
    "@types/node" "*"
    "@types/yargs" "^17.0.8"
    chalk "^4.0.0"

"@sinclair/typebox@^0.24.1":
  version "0.24.31"
  resolved "https://registry.npmjs.org/@sinclair/typebox/-/typebox-0.24.31.tgz#3f3752bc830a9daa4a0185573f0bf870089c3222"
  integrity sha512-uWZaAsh9WFhcY1rWLLcMU/omiIIAQ/PmgqplaF6UWY6ULPH0ZO8hupJRAydzlTQZJIK3Voz8o8dYlEx+Cm6BAA==

"@ts-type/package-dts@^2.0.5":
  version "2.0.5"
  resolved "https://registry.npmjs.org/@ts-type/package-dts/-/package-dts-2.0.5.tgz#567fe4e0beee04d2eb6bc8ecf03dc6ae5b8441f6"
  integrity sha512-iay1HoxUNgJDF2+xjY3mzVMZo5ks7FyKCtoPOEan7mPQ+XhYkL8VaYodBRjfkw2EsPqeF5pMT3K4ahcKY6oxXQ==
  dependencies:
    "@types/semver" "^7.3.11"
    ts-type "^2.1.10"

"@types/bluebird@^3.5.37":
  version "3.5.37"
  resolved "https://registry.npmjs.org/@types/bluebird/-/bluebird-3.5.37.tgz#b99e5c7fe382c2c6d5252dc99d9fba6810fedbeb"
  integrity sha512-g2qEd+zkfkTEudA2SrMAeAvY7CrFqtbsLILm2dT2VIeKTqMqVzcdfURlvu6FU3srRgbmXN1Srm94pg34EIehww==

"@types/istanbul-lib-coverage@*", "@types/istanbul-lib-coverage@^2.0.0":
  version "2.0.4"
  resolved "https://registry.npmjs.org/@types/istanbul-lib-coverage/-/istanbul-lib-coverage-2.0.4.tgz#8467d4b3c087805d63580480890791277ce35c44"
  integrity sha512-z/QT1XN4K4KYuslS23k62yDIDLwLFkzxOuMplDtObz0+y7VqJCaO2o+SPwHCvLFZh7xazvvoor2tA/hPz9ee7g==

"@types/istanbul-lib-report@*":
  version "3.0.0"
  resolved "https://registry.npmjs.org/@types/istanbul-lib-report/-/istanbul-lib-report-3.0.0.tgz#c14c24f18ea8190c118ee7562b7ff99a36552686"
  integrity sha512-plGgXAPfVKFoYfa9NpYDAkseG+g6Jr294RqeqcqDixSbU34MZVJRi/P+7Y8GDpzkEwLaGZZOpKIEmeVZNtKsrg==
  dependencies:
    "@types/istanbul-lib-coverage" "*"

"@types/istanbul-reports@^3.0.0":
  version "3.0.1"
  resolved "https://registry.npmjs.org/@types/istanbul-reports/-/istanbul-reports-3.0.1.tgz#9153fe98bba2bd565a63add9436d6f0d7f8468ff"
  integrity sha512-c3mAZEuK0lvBp8tmuL74XRKn1+y2dcwOUpH7x4WrF6gk1GIgiluDRgMYQtw2OFcBvAJWlt6ASU3tSqxp0Uu0Aw==
  dependencies:
    "@types/istanbul-lib-report" "*"

"@types/jest@^29.0.3":
  version "29.0.3"
  resolved "https://registry.npmjs.org/@types/jest/-/jest-29.0.3.tgz#b61a5ed100850686b8d3c5e28e3a1926b2001b59"
  integrity sha512-F6ukyCTwbfsEX5F2YmVYmM5TcTHy1q9P5rWlRbrk56KyMh3v9xRGUO3aa8+SkvMi0SHXtASJv1283enXimC0Og==
  dependencies:
    expect "^29.0.0"
    pretty-format "^29.0.0"

"@types/node@*":
  version "18.7.6"
  resolved "https://registry.npmjs.org/@types/node/-/node-18.7.6.tgz#31743bc5772b6ac223845e18c3fc26f042713c83"
  integrity sha512-EdxgKRXgYsNITy5mjjXjVE/CS8YENSdhiagGrLqjG0pvA2owgJ6i4l7wy/PFZGC0B1/H20lWKN7ONVDNYDZm7A==

"@types/semver@^7.3.11", "@types/semver@^7.3.12":
  version "7.3.12"
  resolved "https://registry.npmjs.org/@types/semver/-/semver-7.3.12.tgz#920447fdd78d76b19de0438b7f60df3c4a80bf1c"
  integrity sha512-WwA1MW0++RfXmCr12xeYOOC5baSC9mSb0ZqCquFzKhcoF4TvHu5MKOuXsncgZcpVFhB1pXd5hZmM0ryAoCp12A==

"@types/stack-utils@^2.0.0":
  version "2.0.1"
  resolved "https://registry.npmjs.org/@types/stack-utils/-/stack-utils-2.0.1.tgz#20f18294f797f2209b5f65c8e3b5c8e8261d127c"
  integrity sha512-Hl219/BT5fLAaz6NDkSuhzasy49dwQS/DSdu4MdggFB8zcXv7vflBI3xp7FEmkmdDkBUI2bPUNeMttp2knYdxw==

"@types/yargs-parser@*":
  version "21.0.0"
  resolved "https://registry.npmjs.org/@types/yargs-parser/-/yargs-parser-21.0.0.tgz#0c60e537fa790f5f9472ed2776c2b71ec117351b"
  integrity sha512-iO9ZQHkZxHn4mSakYV0vFHAVDyEOIJQrV2uZ06HxEPcx+mt8swXoZHIbaaJ2crJYFfErySgktuTZ3BeLz+XmFA==

"@types/yargs@^17.0.8":
  version "17.0.12"
  resolved "https://registry.npmjs.org/@types/yargs/-/yargs-17.0.12.tgz#0745ff3e4872b4ace98616d4b7e37ccbd75f9526"
  integrity sha512-Nz4MPhecOFArtm81gFQvQqdV7XYCrWKx5uUt6GNHredFHn1i2mtWqXTON7EPXMtNi1qjtjEM/VCHDhcHsAMLXQ==
  dependencies:
    "@types/yargs-parser" "*"

"@yarn-tool/find-root@^2.0.4":
  version "2.0.4"
  resolved "https://registry.npmjs.org/@yarn-tool/find-root/-/find-root-2.0.4.tgz#6f6a516a63ca8783597f4465989dedc1e28c4247"
  integrity sha512-Es9Gl5k9Jsr015FRCuf9YMz3TDIEb6n4Vge2ZKl/XeCFPHI9D0DLB8ieoPq0LG6dGStYoqv1Gr/W8b9rDugtHg==
  dependencies:
    "@ts-type/package-dts" "^2.0.5"
    err-code "^3.0.1"
    find-yarn-workspace-root2 "^1.2.41"
    path-is-same "^1.0.19"
    pkg-dir "<6 >=5"
    tslib "^2"
    upath2 "^3.1.15"

"@yarn-tool/ws-find-up-paths@*":
  version "1.0.2"
  resolved "https://registry.npmjs.org/@yarn-tool/ws-find-up-paths/-/ws-find-up-paths-1.0.2.tgz#5319a967df87ebfc1c10eedc5070c5427291d50d"
  integrity sha512-W1a6+T45Y5UyIaGQqps3Fyp57S5BGB/L6SdQM9bZIpXufCsQ82idfyVkbwQL1K4byBYw7Sq57bLWK501YOfpbA==
  dependencies:
    "@yarn-tool/find-root" "^2.0.4"
    find-up-paths "^1.0.8"
    tslib "^2"

ansi-styles@^3.2.1:
  version "3.2.1"
  resolved "https://registry.npmjs.org/ansi-styles/-/ansi-styles-3.2.1.tgz#41fbb20243e50b12be0f04b8dedbf07520ce841d"
  integrity sha512-VT0ZI6kZRdTh8YyJw3SMbYm/u+NqfsAxEpWO0Pf9sq8/e94WxxOpPKx9FR1FlyCtOVDNOQ+8ntlqFxiRc+r5qA==
  dependencies:
    color-convert "^1.9.0"

ansi-styles@^4.1.0:
  version "4.3.0"
  resolved "https://registry.npmjs.org/ansi-styles/-/ansi-styles-4.3.0.tgz#edd803628ae71c04c85ae7a0906edad34b648937"
  integrity sha512-zbB9rCJAT1rbjiVDb2hqKFHNYLxgtk8NURxZ3IZwD3F6NtxbXZQCnnSi1Lkx+IDohdPlFp222wVALIheZJQSEg==
  dependencies:
    color-convert "^2.0.1"

ansi-styles@^5.0.0:
  version "5.2.0"
  resolved "https://registry.npmjs.org/ansi-styles/-/ansi-styles-5.2.0.tgz#07449690ad45777d1924ac2abb2fc8895dba836b"
  integrity sha512-Cxwpt2SfTzTtXcfOlzGEee8O+c+MmUgGrNiBcXnuWxuFJHe6a5Hz7qwhwe5OgaSYI0IJvkLqWX1ASG+cJOkEiA==

array-hyper-unique@^2.1.2:
  version "2.1.2"
  resolved "https://registry.npmjs.org/array-hyper-unique/-/array-hyper-unique-2.1.2.tgz#882cd6d10fb148c43ce47504fdd41ec5a5ec792d"
  integrity sha512-XdJEvm/Svl+qeLytxdN7CQD3Sc61xIVTjkvpj5C0NGq1zkvwUnypz2fZuJmQ2ZlEf3+a9M5CrD5xSo+eZCDLKA==
  dependencies:
    deep-eql "= 4.0.0"
    lodash "^4.17.21"

array.prototype.flatmap@^1.3.0:
  version "1.3.0"
  resolved "https://registry.npmjs.org/array.prototype.flatmap/-/array.prototype.flatmap-1.3.0.tgz#a7e8ed4225f4788a70cd910abcf0791e76a5534f"
  integrity sha512-PZC9/8TKAIxcWKdyeb77EzULHPrIX/tIZebLJUQOMR1OwYosT8yggdfWScfTBCDj5utONvOuPQQumYsU2ULbkg==
  dependencies:
    call-bind "^1.0.2"
    define-properties "^1.1.3"
    es-abstract "^1.19.2"
    es-shim-unscopables "^1.0.0"

bluebird@^3.7.2:
  version "3.7.2"
  resolved "https://registry.npmjs.org/bluebird/-/bluebird-3.7.2.tgz#9f229c15be272454ffa973ace0dbee79a1b0c36f"
  integrity sha512-XpNj6GDQzdfW+r2Wnn7xiSAd7TM3jzkxGXBGTtWKuSXv1xUV+azxAm8jdWZN06QTQk+2N2XB9jRDkvbmQmcRtg==

braces@^3.0.2:
  version "3.0.2"
  resolved "https://registry.npmjs.org/braces/-/braces-3.0.2.tgz#3454e1a462ee8d599e236df336cd9ea4f8afe107"
  integrity sha512-b8um+L1RzM3WDSzvhm6gIz1yfTbBt6YTlcEKAvsmqCZZFw46z626lVj9j1yEPW33H5H+lBQpZMP1k8l+78Ha0A==
  dependencies:
    fill-range "^7.0.1"

call-bind@^1.0.0, call-bind@^1.0.2:
  version "1.0.2"
  resolved "https://registry.npmjs.org/call-bind/-/call-bind-1.0.2.tgz#b1d4e89e688119c3c9a903ad30abb2f6a919be3c"
  integrity sha512-7O+FbCihrB5WGbFYesctwmTKae6rOiIzmz1icreWJ+0aA7LJfuqhEso2T9ncpcFtzMQtzXf2QGGueWJGTYsqrA==
  dependencies:
    function-bind "^1.1.1"
    get-intrinsic "^1.0.2"

chalk@^2.0.0:
  version "2.4.2"
  resolved "https://registry.npmjs.org/chalk/-/chalk-2.4.2.tgz#cd42541677a54333cf541a49108c1432b44c9424"
  integrity sha512-Mti+f9lpJNcwF4tWV8/OrTTtF1gZi+f8FqlyAdouralcFWFQWF2+NgCHShjkCb+IFBLq9buZwE1xckQU4peSuQ==
  dependencies:
    ansi-styles "^3.2.1"
    escape-string-regexp "^1.0.5"
    supports-color "^5.3.0"

chalk@^4.0.0:
  version "4.1.2"
  resolved "https://registry.npmjs.org/chalk/-/chalk-4.1.2.tgz#aac4e2b7734a740867aeb16bf02aad556a1e7a01"
  integrity sha512-oKnbhFyRIXpUuez8iBMmyEa4nbj4IOQyuhc/wy9kY7/WVPcwIO9VA668Pu8RkO7+0G76SLROeyw9CpQ061i4mA==
  dependencies:
    ansi-styles "^4.1.0"
    supports-color "^7.1.0"

check-iterable@^1.0.5:
  version "1.0.5"
  resolved "https://registry.npmjs.org/check-iterable/-/check-iterable-1.0.5.tgz#0ff57249f27733dc24b99c095a9049e6b0e508eb"
  integrity sha512-7mbGn9yS/Kz4v+a4qz4cc4IkgJSrxzkiWeMlHav/jrywg48S5Eo2WfH10Pq84wAPYBY8cjFr9yBoub8tCJKMZw==

ci-info@^3.2.0:
  version "3.3.2"
  resolved "https://registry.npmjs.org/ci-info/-/ci-info-3.3.2.tgz#6d2967ffa407466481c6c90b6e16b3098f080128"
  integrity sha512-xmDt/QIAdeZ9+nfdPsaBCpMvHNLFiLdjj59qjqn+6iPe6YmHGQ35sBnQ8uslRBXFmXkiZQOJRjvQeoGppoTjjg==

class-without-call-parent-constructor@^2.0.5:
  version "2.0.5"
  resolved "https://registry.npmjs.org/class-without-call-parent-constructor/-/class-without-call-parent-constructor-2.0.5.tgz#bc868e09f6602600de13d552357fcad0ac34a744"
  integrity sha512-+ZobWW2lgXU5Ptlwj4kfUhBcqEAsyeDkjgkYq1QW7L9JuAZL+//kHyhPQ5m87YmuTHRATgSy9GEDlUaRTYquFw==

"clean-stack@<4 >=3.0.1":
  version "3.0.1"
  resolved "https://registry.npmjs.org/clean-stack/-/clean-stack-3.0.1.tgz#155bf0b2221bf5f4fba89528d24c5953f17fe3a8"
  integrity sha512-lR9wNiMRcVQjSB3a7xXGLuz4cr4wJuuXlaAEbRutGowQTmlp7R72/DOgN21e8jdwblMWl9UOJMJXarX94pzKdg==
  dependencies:
    escape-string-regexp "4.0.0"

color-convert@^1.9.0:
  version "1.9.3"
  resolved "https://registry.npmjs.org/color-convert/-/color-convert-1.9.3.tgz#bb71850690e1f136567de629d2d5471deda4c1e8"
  integrity sha512-QfAUtd+vFdAtFQcC8CCyYt1fYWxSqAiK2cSD6zDB8N3cpsEBAvRxp9zOGg6G/SHHJYAT88/az/IuDGALsNVbGg==
  dependencies:
    color-name "1.1.3"

color-convert@^2.0.1:
  version "2.0.1"
  resolved "https://registry.npmjs.org/color-convert/-/color-convert-2.0.1.tgz#72d3a68d598c9bdb3af2ad1e84f21d896abd4de3"
  integrity sha512-RRECPsj7iu/xb5oKYcsFHSppFNnsj/52OVTRKb4zP5onXwVF3zVmmToNcOfGC+CRDpfK/U584fMg38ZHCaElKQ==
  dependencies:
    color-name "~1.1.4"

color-name@1.1.3:
  version "1.1.3"
  resolved "https://registry.npmjs.org/color-name/-/color-name-1.1.3.tgz#a7d0558bd89c42f795dd42328f740831ca53bc25"
  integrity sha512-72fSenhMw2HZMTVHeCA9KCmpEIbzWiQsjN+BHcBbS9vr1mtt+vJjPdksIBNUmKAW8TFUDPJK5SUU3QhE9NEXDw==

color-name@~1.1.4:
  version "1.1.4"
  resolved "https://registry.npmjs.org/color-name/-/color-name-1.1.4.tgz#c2a09a87acbde69543de6f63fa3995c826c536a2"
  integrity sha512-dOy+3AuW3a2wNbZHIuMZpTcgjGuLU/uBL/ubcZF9OXbDo8ff4O8yVp5Bf0efS8uEoYo5q4Fx7dY9OgQGXgAsQA==

core-js-pure@^3.25.3:
  version "3.25.3"
  resolved "https://registry.npmjs.org/core-js-pure/-/core-js-pure-3.25.3.tgz#66ac5bfa5754b47fdfd14f3841c5ed21c46db608"
  integrity sha512-T/7qvgv70MEvRkZ8p6BasLZmOVYKzOaWNBEHAU8FmveCJkl4nko2quqPQOmy6AJIp5MBanhz9no3A94NoRb0XA==

crlf-normalize@^1.0.15:
  version "1.0.15"
  resolved "https://registry.npmjs.org/crlf-normalize/-/crlf-normalize-1.0.15.tgz#4185e5bdc7a180a4d63e133cbbf9a6e212e20398"
  integrity sha512-cFTC9T+2dEKR/0BXO3QvHaFXYyr0FcAnKhJmG2YyJpof5fczkWCvzhrMPAWk795G1IeQrM7qgyfVtR7C2+dGBg==
  dependencies:
    ts-type ">=2.1.10"

"deep-eql@= 4.0.0":
  version "4.0.0"
  resolved "https://registry.npmjs.org/deep-eql/-/deep-eql-4.0.0.tgz#c70af2713a4e18d9c2c1203ff9d11abbd51c8fbd"
  integrity sha512-GxJC5MOg2KyQlv6WiUF/VAnMj4MWnYiXo4oLgeptOELVoknyErb4Z8+5F/IM/K4g9/80YzzatxmWcyRwUseH0A==
  dependencies:
    type-detect "^4.0.0"

define-properties@^1.1.3, define-properties@^1.1.4:
  version "1.1.4"
  resolved "https://registry.npmjs.org/define-properties/-/define-properties-1.1.4.tgz#0b14d7bd7fbeb2f3572c3a7eda80ea5d57fb05b1"
  integrity sha512-uckOqKcfaVvtBdsVkdPv3XjveQJsNQqmhXgRi8uhvWWuPYZCNlzT8qAyblUgNoXdHdjMTzAqeGjAoli8f+bzPA==
  dependencies:
    has-property-descriptors "^1.0.0"
    object-keys "^1.1.1"

diff-sequences@^29.0.0:
  version "29.0.0"
  resolved "https://registry.npmjs.org/diff-sequences/-/diff-sequences-29.0.0.tgz#bae49972ef3933556bcb0800b72e8579d19d9e4f"
  integrity sha512-7Qe/zd1wxSDL4D/X/FPjOMB+ZMDt71W94KYaq05I2l0oQqgXgs7s4ftYYmV38gBSrPz2vcygxfs1xn0FT+rKNA==

err-code@^3.0.1:
  version "3.0.1"
  resolved "https://registry.npmjs.org/err-code/-/err-code-3.0.1.tgz#a444c7b992705f2b120ee320b09972eef331c920"
  integrity sha512-GiaH0KJUewYok+eeY05IIgjtAe4Yltygk9Wqp1V5yVWLdhf0hYZchRjNIT9bb0mSwRcIusT3cx7PJUf3zEIfUA==

error-stack2@^2.0.4:
  version "2.0.4"
  resolved "https://registry.npmjs.org/error-stack2/-/error-stack2-2.0.4.tgz#9b606e11f72fd76b90030c0e1a96cfa7ef921f39"
  integrity sha512-qgNmv3V9gJC8CQj0Vi05h0a5usx2si1g8dGiAG/PGFe+V3+frKJNh0R9OGgQI9oKFtyEmN49OYadHSM82+E0tA==
  dependencies:
    crlf-normalize "^1.0.15"
    err-code "^3.0.1"
    string-detect-indent "^1.0.3"
    string-split-keep2 "^1.0.8"
    ts-type ">=2"

es-abstract@^1.19.0, es-abstract@^1.19.1, es-abstract@^1.19.2, es-abstract@^1.19.5:
  version "1.20.1"
  resolved "https://registry.npmjs.org/es-abstract/-/es-abstract-1.20.1.tgz#027292cd6ef44bd12b1913b828116f54787d1814"
  integrity sha512-WEm2oBhfoI2sImeM4OF2zE2V3BYdSF+KnSi9Sidz51fQHd7+JuF8Xgcj9/0o+OWeIeIS/MiuNnlruQrJf16GQA==
  dependencies:
    call-bind "^1.0.2"
    es-to-primitive "^1.2.1"
    function-bind "^1.1.1"
    function.prototype.name "^1.1.5"
    get-intrinsic "^1.1.1"
    get-symbol-description "^1.0.0"
    has "^1.0.3"
    has-property-descriptors "^1.0.0"
    has-symbols "^1.0.3"
    internal-slot "^1.0.3"
    is-callable "^1.2.4"
    is-negative-zero "^2.0.2"
    is-regex "^1.1.4"
    is-shared-array-buffer "^1.0.2"
    is-string "^1.0.7"
    is-weakref "^1.0.2"
    object-inspect "^1.12.0"
    object-keys "^1.1.1"
    object.assign "^4.1.2"
    regexp.prototype.flags "^1.4.3"
    string.prototype.trimend "^1.0.5"
    string.prototype.trimstart "^1.0.5"
    unbox-primitive "^1.0.2"

es-shim-unscopables@^1.0.0:
  version "1.0.0"
  resolved "https://registry.npmjs.org/es-shim-unscopables/-/es-shim-unscopables-1.0.0.tgz#702e632193201e3edf8713635d083d378e510241"
  integrity sha512-Jm6GPcCdC30eMLbZ2x8z2WuRwAws3zTBBKuusffYVUrNj/GVSUAZ+xKMaUpfNDR5IbyNA5LJbaecoUVbmUcB1w==
  dependencies:
    has "^1.0.3"

es-to-primitive@^1.2.1:
  version "1.2.1"
  resolved "https://registry.npmjs.org/es-to-primitive/-/es-to-primitive-1.2.1.tgz#e55cd4c9cdc188bcefb03b366c736323fc5c898a"
  integrity sha512-QCOllgZJtaUo9miYBcLChTUaHNjJF3PYs1VidD7AwiEj1kYxKeQTctLAezAOH5ZKRH0g2IgPn6KwB4IT8iRpvA==
  dependencies:
    is-callable "^1.1.4"
    is-date-object "^1.0.1"
    is-symbol "^1.0.2"

escape-string-regexp@4.0.0:
  version "4.0.0"
  resolved "https://registry.npmjs.org/escape-string-regexp/-/escape-string-regexp-4.0.0.tgz#14ba83a5d373e3d311e5afca29cf5bfad965bf34"
  integrity sha512-TtpcNJ3XAzx3Gq8sWRzJaVajRs0uVxA2YAkdb1jm2YkPz4G6egUFAyA3n5vtEIZefPk5Wa4UXbKuS5fKkJWdgA==

escape-string-regexp@^1.0.5:
  version "1.0.5"
  resolved "https://registry.npmjs.org/escape-string-regexp/-/escape-string-regexp-1.0.5.tgz#1b61c0562190a8dff6ae3bb2cf0200ca130b86d4"
  integrity sha512-vbRorB5FUQWvla16U8R/qgaFIya2qGzwDrNmCZuYKrbdSUMG6I1ZCGQRefkRVhuOkIGVne7BQ35DSfo1qvJqFg==

escape-string-regexp@^2.0.0:
  version "2.0.0"
  resolved "https://registry.npmjs.org/escape-string-regexp/-/escape-string-regexp-2.0.0.tgz#a30304e99daa32e23b2fd20f51babd07cffca344"
  integrity sha512-UpzcLCXolUWcNu5HtVMHYdXJjArjsF9C0aNnquZYY4uW/Vu0miy5YoWvbV345HauVvcAUnpRuhMMcqTcGOY2+w==

expect@^29.0.0:
  version "29.0.1"
  resolved "https://registry.npmjs.org/expect/-/expect-29.0.1.tgz#a2fa64a59cffe4b4007877e730bc82be3d1742bb"
  integrity sha512-yQgemsjLU+1S8t2A7pXT3Sn/v5/37LY8J+tocWtKEA0iEYYc6gfKbbJJX2fxHZmd7K9WpdbQqXUpmYkq1aewYg==
  dependencies:
    "@jest/expect-utils" "^29.0.1"
    jest-get-type "^29.0.0"
    jest-matcher-utils "^29.0.1"
    jest-message-util "^29.0.1"
    jest-util "^29.0.1"

fill-range@^7.0.1:
  version "7.0.1"
  resolved "https://registry.npmjs.org/fill-range/-/fill-range-7.0.1.tgz#1919a6a7c75fe38b2c7c77e5198535da9acdda40"
  integrity sha512-qOo9F+dMUmC2Lcb4BbVvnKJxTPjCm+RRpe4gDuGrzkL7mEVl/djYSu2OdQ2Pa302N4oqkSg9ir6jaLWJ2USVpQ==
  dependencies:
    to-regex-range "^5.0.1"

find-up-paths@^1.0.8:
  version "1.0.8"
  resolved "https://registry.npmjs.org/find-up-paths/-/find-up-paths-1.0.8.tgz#5fe67c9731caf2970d2bd9477deaa0964cc2ae31"
  integrity sha512-vL65fczVofaFSIQmX0ZNF8k5U/mp/tpWvaMaVlWHwXx9KhRuzFgJQi2W+kWubX1qUv4LipnkcNykuooXCww9Xg==
  dependencies:
    fs-extra "^10.1.0"
    fs-stat "^1.0.20"
    path-parents "^1.0.26"
    tslib "^2"

find-up@^5.0.0:
  version "5.0.0"
  resolved "https://registry.npmjs.org/find-up/-/find-up-5.0.0.tgz#4c92819ecb7083561e4f4a240a86be5198f536fc"
  integrity sha512-78/PXT1wlLLDgTzDs7sjq9hzz0vXD+zn+7wypEe4fXQxCmdmqfGsEPQxmiCSQI3ajFV91bVSsvNtrJRiW6nGng==
  dependencies:
    locate-path "^6.0.0"
    path-exists "^4.0.0"

find-yarn-workspace-root2@^1.2.41:
  version "1.2.41"
  resolved "https://registry.npmjs.org/find-yarn-workspace-root2/-/find-yarn-workspace-root2-1.2.41.tgz#f2b725709d92618cfadb1f642f595d267b151e94"
  integrity sha512-iyxdxuEsvY8L+ekmypoOL+gClfzi9xVIVKRT5KHqod71uu3VwTDUufOTvIqzA1b2583Fa21MxahwX/KcFCEiQg==
  dependencies:
    micromatch "^4.0.5"
    pkg-dir "<6 >=5"
    tslib "^2"
    upath2 "^3.1.15"

fs-extra@^10.1.0:
  version "10.1.0"
  resolved "https://registry.npmjs.org/fs-extra/-/fs-extra-10.1.0.tgz#02873cfbc4084dde127eaa5f9905eef2325d1abf"
  integrity sha512-oRXApq54ETRj4eMiFzGnHWGy+zo5raudjuxN0b8H7s/RU2oW0Wvsx9O0ACRN/kRq9E8Vu/ReskGB5o3ji+FzHQ==
  dependencies:
    graceful-fs "^4.2.0"
    jsonfile "^6.0.1"
    universalify "^2.0.0"

fs-stat@^1.0.20:
  version "1.0.20"
  resolved "https://registry.npmjs.org/fs-stat/-/fs-stat-1.0.20.tgz#c33f7231bf8b6800f065ac9571751c5e73721fb9"
  integrity sha512-IYrCw/Tvc3sk1AeoRolkRq42TmPJIP6h4pOS8suk+HOuZrppCw41BcRB23lwf1SEZWsXVwEeLIamlcftuhI/hA==
  dependencies:
    tslib "^2"

function-bind@^1.1.1:
  version "1.1.1"
  resolved "https://registry.npmjs.org/function-bind/-/function-bind-1.1.1.tgz#a56899d3ea3c9bab874bb9773b7c5ede92f4895d"
  integrity sha512-yIovAzMX49sF8Yl58fSCWJ5svSLuaibPxXQJFLmBObTuCr0Mf1KiPopGM9NiFjiYBCbfaa2Fh6breQ6ANVTI0A==

function.prototype.name@^1.1.5:
  version "1.1.5"
  resolved "https://registry.npmjs.org/function.prototype.name/-/function.prototype.name-1.1.5.tgz#cce0505fe1ffb80503e6f9e46cc64e46a12a9621"
  integrity sha512-uN7m/BzVKQnCUF/iW8jYea67v++2u7m5UgENbHRtdDVclOUP+FMPlCNdmk0h/ysGyo2tavMJEDqJAkJdRa1vMA==
  dependencies:
    call-bind "^1.0.2"
    define-properties "^1.1.3"
    es-abstract "^1.19.0"
    functions-have-names "^1.2.2"

functions-have-names@^1.2.2:
  version "1.2.3"
  resolved "https://registry.npmjs.org/functions-have-names/-/functions-have-names-1.2.3.tgz#0404fe4ee2ba2f607f0e0ec3c80bae994133b834"
  integrity sha512-xckBUXyTIqT97tq2x2AMb+g163b5JFysYk0x4qxNFwbfQkmNZoiRHb6sPzI9/QV33WeuvVYBUIiD4NzNIyqaRQ==

get-intrinsic@^1.0.2, get-intrinsic@^1.1.0, get-intrinsic@^1.1.1:
  version "1.1.2"
  resolved "https://registry.npmjs.org/get-intrinsic/-/get-intrinsic-1.1.2.tgz#336975123e05ad0b7ba41f152ee4aadbea6cf598"
  integrity sha512-Jfm3OyCxHh9DJyc28qGk+JmfkpO41A4XkneDSujN9MDXrm4oDKdHvndhZ2dN94+ERNfkYJWDclW6k2L/ZGHjXA==
  dependencies:
    function-bind "^1.1.1"
    has "^1.0.3"
    has-symbols "^1.0.3"

get-symbol-description@^1.0.0:
  version "1.0.0"
  resolved "https://registry.npmjs.org/get-symbol-description/-/get-symbol-description-1.0.0.tgz#7fdb81c900101fbd564dd5f1a30af5aadc1e58d6"
  integrity sha512-2EmdH1YvIQiZpltCNgkuiUnyukzxM/R6NDJX31Ke3BG1Nq5b0S2PhX59UKi9vZpPDQVdqn+1IcaAwnzTT5vCjw==
  dependencies:
    call-bind "^1.0.2"
    get-intrinsic "^1.1.1"

globalthis@^1.0.2:
  version "1.0.3"
  resolved "https://registry.npmjs.org/globalthis/-/globalthis-1.0.3.tgz#5852882a52b80dc301b0660273e1ed082f0b6ccf"
  integrity sha512-sFdI5LyBiNTHjRd7cGPWapiHWMOXKyuBNX/cWJ3NfzrZQVa8GI/8cofCl74AOVqq9W5kNmguTIzJ/1s2gyI9wA==
  dependencies:
    define-properties "^1.1.3"

graceful-fs@^4.1.6, graceful-fs@^4.2.0, graceful-fs@^4.2.9:
  version "4.2.10"
  resolved "https://registry.npmjs.org/graceful-fs/-/graceful-fs-4.2.10.tgz#147d3a006da4ca3ce14728c7aefc287c367d7a6c"
  integrity sha512-9ByhssR2fPVsNZj478qUUbKfmL0+t5BDVyjShtyZZLiK7ZDAArFFfopyOTj0M05wE2tJPisA4iTnnXl2YoPvOA==

has-bigints@^1.0.1, has-bigints@^1.0.2:
  version "1.0.2"
  resolved "https://registry.npmjs.org/has-bigints/-/has-bigints-1.0.2.tgz#0871bd3e3d51626f6ca0966668ba35d5602d6eaa"
  integrity sha512-tSvCKtBr9lkF0Ex0aQiP9N+OpV4zi2r/Nee5VkRDbaqv35RLYMzbwQfFSZZH0kR+Rd6302UJZ2p/bJCEoR3VoQ==

has-flag@^3.0.0:
  version "3.0.0"
  resolved "https://registry.npmjs.org/has-flag/-/has-flag-3.0.0.tgz#b5d454dc2199ae225699f3467e5a07f3b955bafd"
  integrity sha512-sKJf1+ceQBr4SMkvQnBDNDtf4TXpVhVGateu0t918bl30FnbE2m4vNLX+VWe/dpjlb+HugGYzW7uQXH98HPEYw==

has-flag@^4.0.0:
  version "4.0.0"
  resolved "https://registry.npmjs.org/has-flag/-/has-flag-4.0.0.tgz#944771fd9c81c81265c4d6941860da06bb59479b"
  integrity sha512-EykJT/Q1KjTWctppgIAgfSO0tKVuZUjhgMr17kqTumMl6Afv3EISleU7qZUzoXDFTAHTDC4NOoG/ZxU3EvlMPQ==

has-property-descriptors@^1.0.0:
  version "1.0.0"
  resolved "https://registry.npmjs.org/has-property-descriptors/-/has-property-descriptors-1.0.0.tgz#610708600606d36961ed04c196193b6a607fa861"
  integrity sha512-62DVLZGoiEBDHQyqG4w9xCuZ7eJEwNmJRWw2VY84Oedb7WFcA27fiEVe8oUQx9hAUJ4ekurquucTGwsyO1XGdQ==
  dependencies:
    get-intrinsic "^1.1.1"

has-symbols@^1.0.2, has-symbols@^1.0.3:
  version "1.0.3"
  resolved "https://registry.npmjs.org/has-symbols/-/has-symbols-1.0.3.tgz#bb7b2c4349251dce87b125f7bdf874aa7c8b39f8"
  integrity sha512-l3LCuF6MgDNwTDKkdYGEihYjt5pRPbEg46rtlmnSPlUbgmB8LOIrKJbYYFBSbnPaJexMKtiPO8hmeRjRz2Td+A==

has-tostringtag@^1.0.0:
  version "1.0.0"
  resolved "https://registry.npmjs.org/has-tostringtag/-/has-tostringtag-1.0.0.tgz#7e133818a7d394734f941e73c3d3f9291e658b25"
  integrity sha512-kFjcSNhnlGV1kyoGk7OXKSawH5JOb/LzUc5w9B02hOTO0dfFRjbHQKvg1d6cf3HbeUmtU9VbbV3qzZ2Teh97WQ==
  dependencies:
    has-symbols "^1.0.2"

has@^1.0.3:
  version "1.0.3"
  resolved "https://registry.npmjs.org/has/-/has-1.0.3.tgz#722d7cbfc1f6aa8241f16dd814e011e1f41e8796"
  integrity sha512-f2dvO0VU6Oej7RkWJGrehjbzMAjFp5/VKPp5tTpWIV4JHHZK1/BxbFRtf/siA2SWTe09caDmVtYYzWEIbBS4zw==
  dependencies:
    function-bind "^1.1.1"

"indent-string@<5 >=4":
  version "4.0.0"
  resolved "https://registry.npmjs.org/indent-string/-/indent-string-4.0.0.tgz#624f8f4497d619b2d9768531d58f4122854d7251"
  integrity sha512-EdDDZu4A2OyIK7Lr/2zG+w5jmbuk1DVBnEwREQvBzspBJkCEbRa8GxU1lghYcaGJCnRWibjDXlq779X1/y5xwg==

internal-slot@^1.0.3:
  version "1.0.3"
  resolved "https://registry.npmjs.org/internal-slot/-/internal-slot-1.0.3.tgz#7347e307deeea2faac2ac6205d4bc7d34967f59c"
  integrity sha512-O0DB1JC/sPyZl7cIo78n5dR7eUSwwpYPiXRhTzNxZVAMUuB8vlnRFyLxdrVToks6XPLVnFfbzaVd5WLjhgg+vA==
  dependencies:
    get-intrinsic "^1.1.0"
    has "^1.0.3"
    side-channel "^1.0.4"

is-bigint@^1.0.1:
  version "1.0.4"
  resolved "https://registry.npmjs.org/is-bigint/-/is-bigint-1.0.4.tgz#08147a1875bc2b32005d41ccd8291dffc6691df3"
  integrity sha512-zB9CruMamjym81i2JZ3UMn54PKGsQzsJeo6xvN3HJJ4CAsQNB6iRutp2To77OfCNuoxspsIhzaPoO1zyCEhFOg==
  dependencies:
    has-bigints "^1.0.1"

is-boolean-object@^1.1.0:
  version "1.1.2"
  resolved "https://registry.npmjs.org/is-boolean-object/-/is-boolean-object-1.1.2.tgz#5c6dc200246dd9321ae4b885a114bb1f75f63719"
  integrity sha512-gDYaKHJmnj4aWxyj6YHyXVpdQawtVLHU5cb+eztPGczf6cjuTdwve5ZIEfgXqH4e57An1D1AKf8CZ3kYrQRqYA==
  dependencies:
    call-bind "^1.0.2"
    has-tostringtag "^1.0.0"

is-callable@^1.1.4, is-callable@^1.2.4:
  version "1.2.4"
  resolved "https://registry.npmjs.org/is-callable/-/is-callable-1.2.4.tgz#47301d58dd0259407865547853df6d61fe471945"
  integrity sha512-nsuwtxZfMX67Oryl9LCQ+upnC0Z0BgpwntpS89m1H/TLF0zNfzfLMV/9Wa/6MZsj0acpEjAO0KF1xT6ZdLl95w==

is-date-object@^1.0.1:
  version "1.0.5"
  resolved "https://registry.npmjs.org/is-date-object/-/is-date-object-1.0.5.tgz#0841d5536e724c25597bf6ea62e1bd38298df31f"
  integrity sha512-9YQaSxsAiSwcvS33MBk3wTCVnWK+HhF8VZR2jRxehM16QcVOdHqPn4VPHmRK4lSr38n9JriurInLcP90xsYNfQ==
  dependencies:
    has-tostringtag "^1.0.0"

is-negative-zero@^2.0.2:
  version "2.0.2"
  resolved "https://registry.npmjs.org/is-negative-zero/-/is-negative-zero-2.0.2.tgz#7bf6f03a28003b8b3965de3ac26f664d765f3150"
  integrity sha512-dqJvarLawXsFbNDeJW7zAz8ItJ9cd28YufuuFzh0G8pNHjJMnY08Dv7sYX2uF5UpQOwieAeOExEYAWWfu7ZZUA==

is-number-object@^1.0.4:
  version "1.0.7"
  resolved "https://registry.npmjs.org/is-number-object/-/is-number-object-1.0.7.tgz#59d50ada4c45251784e9904f5246c742f07a42fc"
  integrity sha512-k1U0IRzLMo7ZlYIfzRu23Oh6MiIFasgpb9X76eqfFZAqwH44UI4KTBvBYIZ1dSL9ZzChTB9ShHfLkR4pdW5krQ==
  dependencies:
    has-tostringtag "^1.0.0"

is-number@^7.0.0:
  version "7.0.0"
  resolved "https://registry.npmjs.org/is-number/-/is-number-7.0.0.tgz#7535345b896734d5f80c4d06c50955527a14f12b"
  integrity sha512-41Cifkg6e8TylSpdtTpeLVMqvSBEVzTttHvERD741+pnZ8ANv0004MRL43QKPDlK9cGvNp6NZWZUBlbGXYxxng==

"is-plain-object@<5 >=4":
  version "4.1.1"
  resolved "https://registry.npmjs.org/is-plain-object/-/is-plain-object-4.1.1.tgz#1a14d6452cbd50790edc7fdaa0aed5a40a35ebb5"
  integrity sha512-5Aw8LLVsDlZsETVMhoMXzqsXwQqr/0vlnBYzIXJbYo2F4yYlhLHs+Ez7Bod7IIQKWkJbJfxrWD7pA1Dw1TKrwA==

is-regex@^1.1.4:
  version "1.1.4"
  resolved "https://registry.npmjs.org/is-regex/-/is-regex-1.1.4.tgz#eef5663cd59fa4c0ae339505323df6854bb15958"
  integrity sha512-kvRdxDsxZjhzUX07ZnLydzS1TU/TJlTUHHY4YLL87e37oUA49DfkLqgy+VjFocowy29cKvcSiu+kIv728jTTVg==
  dependencies:
    call-bind "^1.0.2"
    has-tostringtag "^1.0.0"

is-shared-array-buffer@^1.0.2:
  version "1.0.2"
  resolved "https://registry.npmjs.org/is-shared-array-buffer/-/is-shared-array-buffer-1.0.2.tgz#8f259c573b60b6a32d4058a1a07430c0a7344c79"
  integrity sha512-sqN2UDu1/0y6uvXyStCOzyhAjCSlHceFoMKJW8W9EU9cvic/QdsZ0kEU93HEy3IUEFZIiH/3w+AH/UQbPHNdhA==
  dependencies:
    call-bind "^1.0.2"

is-string@^1.0.5, is-string@^1.0.7:
  version "1.0.7"
  resolved "https://registry.npmjs.org/is-string/-/is-string-1.0.7.tgz#0dd12bf2006f255bb58f695110eff7491eebc0fd"
  integrity sha512-tE2UXzivje6ofPW7l23cjDOMa09gb7xlAqG6jG5ej6uPV32TlWP3NKPigtaGeHNu9fohccRYvIiZMfOOnOYUtg==
  dependencies:
    has-tostringtag "^1.0.0"

is-symbol@^1.0.2, is-symbol@^1.0.3:
  version "1.0.4"
  resolved "https://registry.npmjs.org/is-symbol/-/is-symbol-1.0.4.tgz#a6dac93b635b063ca6872236de88910a57af139c"
  integrity sha512-C/CPBqKWnvdcxqIARxyOh4v1UUEOCHpgDa0WYgpKDFMszcrPcffg5uhwSgPCLD2WWxmq6isisz87tzT01tuGhg==
  dependencies:
    has-symbols "^1.0.2"

is-weakref@^1.0.2:
  version "1.0.2"
  resolved "https://registry.npmjs.org/is-weakref/-/is-weakref-1.0.2.tgz#9529f383a9338205e89765e0392efc2f100f06f2"
  integrity sha512-qctsuLZmIQ0+vSSMfoVvyFe2+GSEvnmZ2ezTup1SBse9+twCCeial6EEi3Nc2KFcf6+qz2FBPnjXsk8xhKSaPQ==
  dependencies:
    call-bind "^1.0.2"

jest-diff@^29.0.1:
  version "29.0.1"
  resolved "https://registry.npmjs.org/jest-diff/-/jest-diff-29.0.1.tgz#d14e900a38ee4798d42feaaf0c61cb5b98e4c028"
  integrity sha512-l8PYeq2VhcdxG9tl5cU78ClAlg/N7RtVSp0v3MlXURR0Y99i6eFnegmasOandyTmO6uEdo20+FByAjBFEO9nuw==
  dependencies:
    chalk "^4.0.0"
    diff-sequences "^29.0.0"
    jest-get-type "^29.0.0"
    pretty-format "^29.0.1"

jest-get-type@^29.0.0:
  version "29.0.0"
  resolved "https://registry.npmjs.org/jest-get-type/-/jest-get-type-29.0.0.tgz#843f6c50a1b778f7325df1129a0fd7aa713aef80"
  integrity sha512-83X19z/HuLKYXYHskZlBAShO7UfLFXu/vWajw9ZNJASN32li8yHMaVGAQqxFW1RCFOkB7cubaL6FaJVQqqJLSw==

jest-matcher-utils@^29.0.1:
  version "29.0.1"
  resolved "https://registry.npmjs.org/jest-matcher-utils/-/jest-matcher-utils-29.0.1.tgz#eaa92dd5405c2df9d31d45ec4486361d219de3e9"
  integrity sha512-/e6UbCDmprRQFnl7+uBKqn4G22c/OmwriE5KCMVqxhElKCQUDcFnq5XM9iJeKtzy4DUjxT27y9VHmKPD8BQPaw==
  dependencies:
    chalk "^4.0.0"
    jest-diff "^29.0.1"
    jest-get-type "^29.0.0"
    pretty-format "^29.0.1"

jest-message-util@^29.0.1:
  version "29.0.1"
  resolved "https://registry.npmjs.org/jest-message-util/-/jest-message-util-29.0.1.tgz#85c4b5b90296c228da158e168eaa5b079f2ab879"
  integrity sha512-wRMAQt3HrLpxSubdnzOo68QoTfQ+NLXFzU0Heb18ZUzO2S9GgaXNEdQ4rpd0fI9dq2NXkpCk1IUWSqzYKji64A==
  dependencies:
    "@babel/code-frame" "^7.12.13"
    "@jest/types" "^29.0.1"
    "@types/stack-utils" "^2.0.0"
    chalk "^4.0.0"
    graceful-fs "^4.2.9"
    micromatch "^4.0.4"
    pretty-format "^29.0.1"
    slash "^3.0.0"
    stack-utils "^2.0.3"

jest-util@^29.0.1:
  version "29.0.1"
  resolved "https://registry.npmjs.org/jest-util/-/jest-util-29.0.1.tgz#f854a4a8877c7817316c4afbc2a851ceb2e71598"
  integrity sha512-GIWkgNfkeA9d84rORDHPGGTFBrRD13A38QVSKE0bVrGSnoR1KDn8Kqz+0yI5kezMgbT/7zrWaruWP1Kbghlb2A==
  dependencies:
    "@jest/types" "^29.0.1"
    "@types/node" "*"
    chalk "^4.0.0"
    ci-info "^3.2.0"
    graceful-fs "^4.2.9"
    picomatch "^2.2.3"

js-tokens@^4.0.0:
  version "4.0.0"
  resolved "https://registry.npmjs.org/js-tokens/-/js-tokens-4.0.0.tgz#19203fb59991df98e3a287050d4647cdeaf32499"
  integrity sha512-RdJUflcE3cUzKiMqQgsCu06FPu9UdIJO0beYbPhHN4k6apgJtifcoCtT9bcxOpYBtpD2kCM6Sbzg4CausW/PKQ==

jsonfile@^6.0.1:
  version "6.1.0"
  resolved "https://registry.npmjs.org/jsonfile/-/jsonfile-6.1.0.tgz#bc55b2634793c679ec6403094eb13698a6ec0aae"
  integrity sha512-5dgndWOriYSm5cnYaJNhalLNDKOqFwyDB/rr1E9ZsGciGvKPs8R2xYGCacuf3z6K1YKDz182fd+fY3cn3pMqXQ==
  dependencies:
    universalify "^2.0.0"
  optionalDependencies:
    graceful-fs "^4.1.6"

locate-path@^6.0.0:
  version "6.0.0"
  resolved "https://registry.npmjs.org/locate-path/-/locate-path-6.0.0.tgz#55321eb309febbc59c4801d931a72452a681d286"
  integrity sha512-iPZK6eYjbxRu3uB4/WZ3EsEIMJFMqAoopl3R+zuq0UjcAm/MO6KCweDgPfP3elTztoKP3KtnVHxTn2NHBSDVUw==
  dependencies:
    p-locate "^5.0.0"

lodash@^4.17.21:
  version "4.17.21"
  resolved "https://registry.npmjs.org/lodash/-/lodash-4.17.21.tgz#679591c564c3bffaae8454cf0b3df370c3d6911c"
  integrity sha512-v2kDEe57lecTulaDIuNTPy3Ry4gLGJ6Z1O3vE1krgXZNrsQ+LFTGHVxVjcXPs17LhbZVGedAJv8XZ1tvj5FvSg==

lru-cache@^6.0.0:
  version "6.0.0"
  resolved "https://registry.npmjs.org/lru-cache/-/lru-cache-6.0.0.tgz#6d6fe6570ebd96aaf90fcad1dafa3b2566db3a94"
  integrity sha512-Jo6dJ04CmSjuznwJSS3pUeWmd/H0ffTlkXXgwZi+eq1UCmqQwCh+eLsYOYCwY991i2Fah4h1BEMCx4qThGbsiA==
  dependencies:
    yallist "^4.0.0"

micromatch@^4.0.4, micromatch@^4.0.5:
  version "4.0.5"
  resolved "https://registry.npmjs.org/micromatch/-/micromatch-4.0.5.tgz#bc8999a7cbbf77cdc89f132f6e467051b49090c6"
  integrity sha512-DMy+ERcEW2q8Z2Po+WNXuw3c5YaUSFjAO5GsJqfEl7UjvtIuFKO6ZrKvcItdy98dwFI2N1tg3zNIdKaQT+aNdA==
  dependencies:
    braces "^3.0.2"
    picomatch "^2.3.1"

object-inspect@^1.12.0, object-inspect@^1.9.0:
  version "1.12.2"
  resolved "https://registry.npmjs.org/object-inspect/-/object-inspect-1.12.2.tgz#c0641f26394532f28ab8d796ab954e43c009a8ea"
  integrity sha512-z+cPxW0QGUp0mcqcsgQyLVRDoXFQbXOwBaqyF7VIgI4TWNQsDHrBpUQslRmIfAoYWdYzs6UlKJtB2XJpTaNSpQ==

object-keys@^1.1.1:
  version "1.1.1"
  resolved "https://registry.npmjs.org/object-keys/-/object-keys-1.1.1.tgz#1c47f272df277f3b1daf061677d9c82e2322c60e"
  integrity sha512-NuAESUOUMrlIXOfHKzD6bpPu3tYt3xvjNdRIQ+FeT0lNb4K8WR70CaDxhuNguS2XG+GjkyMwOzsN5ZktImfhLA==

object.assign@^4.1.2:
  version "4.1.4"
  resolved "https://registry.npmjs.org/object.assign/-/object.assign-4.1.4.tgz#9673c7c7c351ab8c4d0b516f4343ebf4dfb7799f"
  integrity sha512-1mxKf0e58bvyjSCtKYY4sRe9itRk3PJpquJOjeIkz885CczcI4IvJJDLPS72oowuSh+pBxUFROpX+TU++hxhZQ==
  dependencies:
    call-bind "^1.0.2"
    define-properties "^1.1.4"
    has-symbols "^1.0.3"
    object-keys "^1.1.1"

p-limit@^3.0.2:
  version "3.1.0"
  resolved "https://registry.npmjs.org/p-limit/-/p-limit-3.1.0.tgz#e1daccbe78d0d1388ca18c64fea38e3e57e3706b"
  integrity sha512-TYOanM3wGwNGsZN2cVTYPArw454xnXj5qmWF1bEoAc4+cU/ol7GVh7odevjp1FNHduHc3KZMcFduxU5Xc6uJRQ==
  dependencies:
    yocto-queue "^0.1.0"

p-locate@^5.0.0:
  version "5.0.0"
  resolved "https://registry.npmjs.org/p-locate/-/p-locate-5.0.0.tgz#83c8315c6785005e3bd021839411c9e110e6d834"
  integrity sha512-LaNjtRWUBY++zB5nE/NwcaoMylSPk+S+ZHNB1TzdbMJMny6dynpAGt7X/tl/QYq3TIeE6nxHppbo2LGymrG5Pw==
  dependencies:
    p-limit "^3.0.2"

path-exists@^4.0.0:
  version "4.0.0"
  resolved "https://registry.npmjs.org/path-exists/-/path-exists-4.0.0.tgz#513bdbe2d3b95d7762e8c1137efa195c6c61b5b3"
  integrity sha512-ak9Qy5Q7jYb2Wwcey5Fpvg2KoAc/ZIhLSLOSBmRmygPsGwkVVt0fZa0qrtMz+m6tJTAHfZQ8FnmB4MG4LWy7/w==

path-is-network-drive@^1.0.16:
  version "1.0.16"
  resolved "https://registry.npmjs.org/path-is-network-drive/-/path-is-network-drive-1.0.16.tgz#b65a42de1ac3b79590876a1a683bbd59346dfe8d"
  integrity sha512-nnU+ssj5jUxQ5lTxNXHkPJeQ2ZVpsoGLEyM+eSCe9Q7v2NhiJhxlCECuUvhICOIgJd3OVFTWlrmCoAE64X6qsQ==
  dependencies:
    tslib "^2"

path-is-same@^1.0.19:
  version "1.0.19"
  resolved "https://registry.npmjs.org/path-is-same/-/path-is-same-1.0.19.tgz#7e1062bf9cbde9fc6a79cbfd405e9be22bc5dc30"
  integrity sha512-8LhjJE9N9bwbY6UmehUr/mYHFW7WcVzQ3pexE78JoBfhhpyuz1s2ov8R54DU86g5WbG3bWTMWCa4htaVcwOIVg==
  dependencies:
    tslib "^2"
    upath2 "^3.1.15"

path-parents@^1.0.26:
  version "1.0.26"
  resolved "https://registry.npmjs.org/path-parents/-/path-parents-1.0.26.tgz#eb377cb520c7cd232097854dfb05e54b118a0ff6"
  integrity sha512-ez/A/sZXf4ntX7QiSbYyI2A6Bn2kBFT8wtLMHI4slaGZ7+RyRsZvcR8QgLl/Z9BXDLUkxxe+pQAhQTAs/073+w==
  dependencies:
    path-is-same "^1.0.19"
    tslib "^2"
    upath2 "^3.1.15"

path-strip-sep@^1.0.13:
  version "1.0.13"
  resolved "https://registry.npmjs.org/path-strip-sep/-/path-strip-sep-1.0.13.tgz#c692da0ab2fca42e76b7f985be2129eb4b648bb1"
  integrity sha512-lxc+Mv83LrhLolN1E7lhIb2XLT3epL6QT/rrLySo6MEK08E5dTKxGFGSiqr71H9W9xe7uOgzlpN8hFqpavF0Gg==
  dependencies:
    tslib "^2"

picomatch@^2.2.3, picomatch@^2.3.1:
  version "2.3.1"
  resolved "https://registry.npmjs.org/picomatch/-/picomatch-2.3.1.tgz#3ba3833733646d9d3e4995946c1365a67fb07a42"
  integrity sha512-JU3teHTNjmE2VCGFzuY8EXzCDVwEqB2a8fsIvwaStHhAWJEeVd1o1QD80CU6+ZdEXXSLbSsuLwJjkCBWqRQUVA==

"pkg-dir@<6 >=5":
  version "5.0.0"
  resolved "https://registry.npmjs.org/pkg-dir/-/pkg-dir-5.0.0.tgz#a02d6aebe6ba133a928f74aec20bafdfe6b8e760"
  integrity sha512-NPE8TDbzl/3YQYY7CSS228s3g2ollTFnc+Qi3tqmqJp9Vg2ovUpixcJEo2HJScN2Ez+kEaal6y70c0ehqJBJeA==
  dependencies:
    find-up "^5.0.0"

pretty-format@^29.0.0, pretty-format@^29.0.1:
  version "29.0.1"
  resolved "https://registry.npmjs.org/pretty-format/-/pretty-format-29.0.1.tgz#2f8077114cdac92a59b464292972a106410c7ad0"
  integrity sha512-iTHy3QZMzuL484mSTYbQIM1AHhEQsH8mXWS2/vd2yFBYnG3EBqGiMONo28PlPgrW7P/8s/1ISv+y7WH306l8cw==
  dependencies:
    "@jest/schemas" "^29.0.0"
    ansi-styles "^5.0.0"
    react-is "^18.0.0"

react-is@^18.0.0:
  version "18.2.0"
  resolved "https://registry.npmjs.org/react-is/-/react-is-18.2.0.tgz#199431eeaaa2e09f86427efbb4f1473edb47609b"
  integrity sha512-xWGDIW6x921xtzPkhiULtthJHoJvBbF3q26fzloPCK0hsvxtPVelvftw3zjbHWSkR2km9Z+4uxbDDK/6Zw9B8w==

reflect.ownkeys@^1.1.0:
  version "1.1.0"
  resolved "https://registry.npmjs.org/reflect.ownkeys/-/reflect.ownkeys-1.1.0.tgz#a31da5839aa294738159eedcb326072ec9187166"
  integrity sha512-uu6wMh5BRw+iIXtzwbt7yeNISgpgBTYRp+1wBJ+m2sWwpeIlIRTuVIh7m3a7VYpjcCRW7qIcgLS/+HIPd85v6g==
  dependencies:
    call-bind "^1.0.2"
    define-properties "^1.1.3"
    es-abstract "^1.19.1"
    globalthis "^1.0.2"

regexp.prototype.flags@^1.4.3:
  version "1.4.3"
  resolved "https://registry.npmjs.org/regexp.prototype.flags/-/regexp.prototype.flags-1.4.3.tgz#87cab30f80f66660181a3bb7bf5981a872b367ac"
  integrity sha512-fjggEOO3slI6Wvgjwflkc4NFRCTZAu5CnNfBd5qOMYhWdn67nJBBu34/TkD++eeFmd8C9r9jfXJ27+nSiRkSUA==
  dependencies:
    call-bind "^1.0.2"
    define-properties "^1.1.3"
    functions-have-names "^1.2.2"

semver@^7.3.7:
  version "7.3.7"
  resolved "https://registry.npmjs.org/semver/-/semver-7.3.7.tgz#12c5b649afdbf9049707796e22a4028814ce523f"
  integrity sha512-QlYTucUYOews+WeEujDoEGziz4K6c47V/Bd+LjSSYcA94p+DmINdf7ncaUinThfvZyu13lN9OY1XDxt8C0Tw0g==
  dependencies:
    lru-cache "^6.0.0"

side-channel@^1.0.4:
  version "1.0.4"
  resolved "https://registry.npmjs.org/side-channel/-/side-channel-1.0.4.tgz#efce5c8fdc104ee751b25c58d4290011fa5ea2cf"
  integrity sha512-q5XPytqFEIKHkGdiMIrY10mvLRvnQh42/+GoBlFW3b2LXLE2xxJpZFdm94we0BaoV3RwJyGqg5wS7epxTv0Zvw==
  dependencies:
    call-bind "^1.0.0"
    get-intrinsic "^1.0.2"
    object-inspect "^1.9.0"

slash@^3.0.0:
  version "3.0.0"
  resolved "https://registry.npmjs.org/slash/-/slash-3.0.0.tgz#6539be870c165adbd5240220dbe361f1bc4d4634"
  integrity sha512-g9Q1haeby36OSStwb4ntCGGGaKsaVSjQ68fBxoQcutl5fS1vuY18H3wSt3jFyFtrkx+Kz0V1G85A4MyAdDMi2Q==

stack-utils@^2.0.3:
  version "2.0.5"
  resolved "https://registry.npmjs.org/stack-utils/-/stack-utils-2.0.5.tgz#d25265fca995154659dbbfba3b49254778d2fdd5"
  integrity sha512-xrQcmYhOsn/1kX+Vraq+7j4oE2j/6BFscZ0etmYg81xuM8Gq0022Pxb8+IqgOFUIaxHs0KaSb7T1+OegiNrNFA==
  dependencies:
    escape-string-regexp "^2.0.0"

string-detect-indent@^1.0.3:
  version "1.0.3"
  resolved "https://registry.npmjs.org/string-detect-indent/-/string-detect-indent-1.0.3.tgz#33f0aa05c7c9168dba9d9ced3575d05888b64b5c"
  integrity sha512-IBhTbbVWpo3DCkO3ockkwaooPmKkbXRgqvxYOAfF25HESiLDnUuGZE39FK+RpyRKxoJyj6otdkccwK9JY/Sb7w==

string-split-keep2@^1.0.8:
  version "1.0.8"
  resolved "https://registry.npmjs.org/string-split-keep2/-/string-split-keep2-1.0.8.tgz#fbc0bb3d80196c1bea2010d002b0774dd7a21810"
  integrity sha512-Ul8otEWt+tbzn60z9/GSGIH2tF35/Pb21sanQisEq3C2oZoMxf47PQ4KmDmwMFW5GJnl4zHe676wIrYMaog7yw==

string.prototype.trimend@^1.0.5:
  version "1.0.5"
  resolved "https://registry.npmjs.org/string.prototype.trimend/-/string.prototype.trimend-1.0.5.tgz#914a65baaab25fbdd4ee291ca7dde57e869cb8d0"
  integrity sha512-I7RGvmjV4pJ7O3kdf+LXFpVfdNOxtCW/2C8f6jNiW4+PQchwxkCDzlk1/7p+Wl4bqFIZeF47qAHXLuHHWKAxog==
  dependencies:
    call-bind "^1.0.2"
    define-properties "^1.1.4"
    es-abstract "^1.19.5"

string.prototype.trimstart@^1.0.5:
  version "1.0.5"
  resolved "https://registry.npmjs.org/string.prototype.trimstart/-/string.prototype.trimstart-1.0.5.tgz#5466d93ba58cfa2134839f81d7f42437e8c01fef"
  integrity sha512-THx16TJCGlsN0o6dl2o6ncWUsdgnLRSA23rRE5pyGBw/mLr3Ej/R2LaqCtgP8VNMGZsvMWnf9ooZPyY2bHvUFg==
  dependencies:
    call-bind "^1.0.2"
    define-properties "^1.1.4"
    es-abstract "^1.19.5"

supports-color@^5.3.0:
  version "5.5.0"
  resolved "https://registry.npmjs.org/supports-color/-/supports-color-5.5.0.tgz#e2e69a44ac8772f78a1ec0b35b689df6530efc8f"
  integrity sha512-QjVjwdXIt408MIiAqCX4oUKsgU2EqAGzs2Ppkm4aQYbjm+ZEWEcW4SfFNTr4uMNZma0ey4f5lgLrkB0aX0QMow==
  dependencies:
    has-flag "^3.0.0"

supports-color@^7.1.0:
  version "7.2.0"
  resolved "https://registry.npmjs.org/supports-color/-/supports-color-7.2.0.tgz#1b7dcdcb32b8138801b3e478ba6a51caa89648da"
  integrity sha512-qpCAvRl9stuOHveKsn7HncJRvv501qIacKzQlO/+Lwxc9+0q2wLyv4Dfvt80/DPn2pqOBsJdDiogXGR9+OvwRw==
  dependencies:
    has-flag "^4.0.0"

to-regex-range@^5.0.1:
  version "5.0.1"
  resolved "https://registry.npmjs.org/to-regex-range/-/to-regex-range-5.0.1.tgz#1648c44aae7c8d988a326018ed72f5b4dd0392e4"
  integrity sha512-65P7iz6X5yEr1cwcgvQxbbIw7Uk3gOy5dIdtZ4rDveLqhrdJP+Li/Hx6tyK0NEb+2GCyneCMJiGqrADCSNk8sQ==
  dependencies:
    is-number "^7.0.0"

ts-type@>=2, ts-type@>=2.1.10, ts-type@^2.1.10:
  version "2.1.10"
  resolved "https://registry.npmjs.org/ts-type/-/ts-type-2.1.10.tgz#09ae593829af0023f5e0f98799121b362303f657"
  integrity sha512-cung450P5HbC+xTimzw8DcFqP4MjxH3aCt2m6IZMs0aMatEOIasPmtECKK1WChg9j/wB8U5zYFCRHcS6xmdSNw==
  dependencies:
    tslib "^2"
    typedarray-dts "^1.0.0"

tslib@>=2, tslib@^2, tslib@^2.3.1:
  version "2.4.0"
  resolved "https://registry.npmjs.org/tslib/-/tslib-2.4.0.tgz#7cecaa7f073ce680a05847aa77be941098f36dc3"
  integrity sha512-d6xOpEDfsi2CZVlPQzGeux8XMwLT9hssAsaPYExaQMuYskwb+x1x7J371tWlbBdWHroy99KnVB6qIkUbs5X3UQ==

type-detect@^4.0.0:
  version "4.0.8"
  resolved "https://registry.npmjs.org/type-detect/-/type-detect-4.0.8.tgz#7646fb5f18871cfbb7749e69bd39a6388eb7450c"
  integrity sha512-0fr/mIH1dlO+x7TlcMy+bIDqKPsw/70tVyeHW787goQjhmqaZe10uwLujubK9q9Lg6Fiho1KUKDYz0Z7k7g5/g==

typedarray-dts@^1.0.0:
  version "1.0.0"
  resolved "https://registry.npmjs.org/typedarray-dts/-/typedarray-dts-1.0.0.tgz#9dec9811386dbfba964c295c2606cf9a6b982d06"
  integrity sha512-Ka0DBegjuV9IPYFT1h0Qqk5U4pccebNIJCGl8C5uU7xtOs+jpJvKGAY4fHGK25hTmXZOEUl9Cnsg5cS6K/b5DA==

unbox-primitive@^1.0.2:
  version "1.0.2"
  resolved "https://registry.npmjs.org/unbox-primitive/-/unbox-primitive-1.0.2.tgz#29032021057d5e6cdbd08c5129c226dff8ed6f9e"
  integrity sha512-61pPlCD9h51VoreyJ0BReideM3MDKMKnh6+V9L08331ipq6Q8OFXZYiqP6n/tbHx4s5I9uRhcye6BrbkizkBDw==
  dependencies:
    call-bind "^1.0.2"
    has-bigints "^1.0.2"
    has-symbols "^1.0.3"
    which-boxed-primitive "^1.0.2"

universalify@^2.0.0:
  version "2.0.0"
  resolved "https://registry.npmjs.org/universalify/-/universalify-2.0.0.tgz#75a4984efedc4b08975c5aeb73f530d02df25717"
  integrity sha512-hAZsKq7Yy11Zu1DE0OzWjw7nnLZmJZYTDZZyEFHZdUhV8FkH5MCfoU1XMaxXovpyW5nq5scPqq0ZDP9Zyl04oQ==

upath2@^3.1.15:
  version "3.1.15"
  resolved "https://registry.npmjs.org/upath2/-/upath2-3.1.15.tgz#5c9e053421084533c5d0f0397ecb860c51c04257"
  integrity sha512-b2QxNkfs6w+LZcgYZaBrS0Eo0OXsg5BbFtbVQleSpr8l8Iz+N2baP6eUvOJG0s+6M/qeCf8JI9BQXBXDwB5yOA==
  dependencies:
    "@types/node" "*"
    path-is-network-drive "^1.0.16"
    path-strip-sep "^1.0.13"
    tslib "^2"

which-boxed-primitive@^1.0.2:
  version "1.0.2"
  resolved "https://registry.npmjs.org/which-boxed-primitive/-/which-boxed-primitive-1.0.2.tgz#13757bc89b209b049fe5d86430e21cf40a89a8e6"
  integrity sha512-bwZdv0AKLpplFY2KZRX6TvyuN7ojjr7lwkg6ml0roIy9YeuSr7JS372qlNW18UQYzgYK9ziGcerWqZOmEn9VNg==
  dependencies:
    is-bigint "^1.0.1"
    is-boolean-object "^1.1.0"
    is-number-object "^1.0.4"
    is-string "^1.0.5"
    is-symbol "^1.0.3"

yallist@^4.0.0:
  version "4.0.0"
  resolved "https://registry.npmjs.org/yallist/-/yallist-4.0.0.tgz#9bb92790d9c0effec63be73519e11a35019a3a72"
  integrity sha512-3wdGidZyq5PB084XLES5TpOSRA3wjXAlIWMhum2kRcv/41Sn2emQ0dycQW4uZXLejwKvg6EsvbdlVL+FYEct7A==

yocto-queue@^0.1.0:
  version "0.1.0"
  resolved "https://registry.npmjs.org/yocto-queue/-/yocto-queue-0.1.0.tgz#0294eb3dee05028d31ee1a5fa2c556a6aaf10a1b"
  integrity sha512-rVksvsnNCdJ/ohGc6xgPwyN8eheCxsiLM8mxuE/t/mOVqJewPuO1miLpTHQiRgTKCLexL4MeAFVagts7HmNZ2Q==
