# THIS IS AN AUTOGENERATED FILE. DO NOT EDIT THIS FILE DIRECTLY.
# yarn lockfile v1


"@bluelovers/extend-bases@^1.0.3":
  version "1.0.3"
  resolved "https://registry.npmjs.org/@bluelovers/extend-bases/-/extend-bases-1.0.3.tgz#19997a422c4a4852e12392d692469472d20d1458"
  integrity sha512-GO0yG6HdwgYfrCaGi81GXGEjCVnKlLaOkI63tg6fW7sPC4LlL8QNwo5Z4QEmoLE0FAJaSt1NpMK6S4Rdxjko+A==
  dependencies:
    array.prototype.flatmap "^1.2.4"
    class-without-call-parent-constructor "^2.0.4"
    reflect.ownkeys "^1.0.2"
    tslib "^2.3.1"

"@bluelovers/tsconfig@^1.0.30":
  version "1.0.30"
  resolved "https://registry.npmjs.org/@bluelovers/tsconfig/-/tsconfig-1.0.30.tgz#a1ec24a2fc885656270a5d1060caf473d4b4aaa8"
  integrity sha512-q+CdA9WcRIfWSwfnyULeTWvAwG7velfOq1pklfo5sL3j/tCjAvJitmo7SG06t8l1/Z8j3S+s4ant8R3WF9GLZA==
  dependencies:
    tslib "^2.3.1"

"@types/bluebird@^3.5.36":
  version "3.5.36"
  resolved "https://registry.npmjs.org/@types/bluebird/-/bluebird-3.5.36.tgz#00d9301d4dc35c2f6465a8aec634bb533674c652"
  integrity sha512-HBNx4lhkxN7bx6P0++W8E289foSu8kO8GCk2unhuVggO+cE7rh9DhZUyPhUxNRG9m+5B5BTKxZQ5ZP92x/mx9Q==

"@types/jest@^27.5.1":
  version "27.5.1"
  resolved "https://registry.npmjs.org/@types/jest/-/jest-27.5.1.tgz#2c8b6dc6ff85c33bcd07d0b62cb3d19ddfdb3ab9"
  integrity sha512-fUy7YRpT+rHXto1YlL+J9rs0uLGyiqVt3ZOTQR+4ROc47yNl8WLdVLgUloBRhOxP1PZvguHl44T3H0wAWxahYQ==
  dependencies:
    jest-matcher-utils "^27.0.0"
    pretty-format "^27.0.0"

"@types/node@*":
  version "17.0.38"
  resolved "https://registry.npmjs.org/@types/node/-/node-17.0.38.tgz#f8bb07c371ccb1903f3752872c89f44006132947"
  integrity sha512-5jY9RhV7c0Z4Jy09G+NIDTsCZ5G0L5n+Z+p+Y7t5VJHM30bgwzSjVtlcBxqAj+6L/swIlvtOSzr8rBk/aNyV2g==

"@types/semver@^7.3.9":
  version "7.3.9"
  resolved "https://registry.npmjs.org/@types/semver/-/semver-7.3.9.tgz#152c6c20a7688c30b967ec1841d31ace569863fc"
  integrity sha512-L/TMpyURfBkf+o/526Zb6kd/tchUP3iBDEPjqjb+U2MAJhVRxxrmr2fwpe08E7QsV7YLcpq0tUaQ9O9x97ZIxQ==

ansi-regex@^5.0.1:
  version "5.0.1"
  resolved "https://registry.npmjs.org/ansi-regex/-/ansi-regex-5.0.1.tgz#082cb2c89c9fe8659a311a53bd6a4dc5301db304"
  integrity sha512-quJQXlTSUGL2LH9SUXo8VwsY4soanhgo6LNSm84E1LBcE8s3O0wpdiRzyR9z/ZZJMlMWv37qOOb9pdJlMUEKFQ==

ansi-styles@^4.1.0:
  version "4.3.0"
  resolved "https://registry.npmjs.org/ansi-styles/-/ansi-styles-4.3.0.tgz#edd803628ae71c04c85ae7a0906edad34b648937"
  integrity sha512-zbB9rCJAT1rbjiVDb2hqKFHNYLxgtk8NURxZ3IZwD3F6NtxbXZQCnnSi1Lkx+IDohdPlFp222wVALIheZJQSEg==
  dependencies:
    color-convert "^2.0.1"

ansi-styles@^5.0.0:
  version "5.2.0"
  resolved "https://registry.npmjs.org/ansi-styles/-/ansi-styles-5.2.0.tgz#07449690ad45777d1924ac2abb2fc8895dba836b"
  integrity sha512-Cxwpt2SfTzTtXcfOlzGEee8O+c+MmUgGrNiBcXnuWxuFJHe6a5Hz7qwhwe5OgaSYI0IJvkLqWX1ASG+cJOkEiA==

array-hyper-unique@^2.0.8:
  version "2.0.8"
  resolved "https://registry.npmjs.org/array-hyper-unique/-/array-hyper-unique-2.0.8.tgz#d40a7133d54061772bdd9675513c6b9c9b136a87"
  integrity sha512-x0HKq5GCmt7CwUkhg9Kv3f0QssjADStancumaOplwMYN2UWtbaxYYw6oDfDbkn29ueYVPCijQqYHRoe2xpFp1g==
  dependencies:
    deep-eql "= 4.0.0"
    lodash "^4.17.21"
    tslib "^2"

array.prototype.flatmap@^1.2.4:
  version "1.3.0"
  resolved "https://registry.npmjs.org/array.prototype.flatmap/-/array.prototype.flatmap-1.3.0.tgz#a7e8ed4225f4788a70cd910abcf0791e76a5534f"
  integrity sha512-PZC9/8TKAIxcWKdyeb77EzULHPrIX/tIZebLJUQOMR1OwYosT8yggdfWScfTBCDj5utONvOuPQQumYsU2ULbkg==
  dependencies:
    call-bind "^1.0.2"
    define-properties "^1.1.3"
    es-abstract "^1.19.2"
    es-shim-unscopables "^1.0.0"

bluebird@^3.7.2:
  version "3.7.2"
  resolved "https://registry.npmjs.org/bluebird/-/bluebird-3.7.2.tgz#9f229c15be272454ffa973ace0dbee79a1b0c36f"
  integrity sha512-XpNj6GDQzdfW+r2Wnn7xiSAd7TM3jzkxGXBGTtWKuSXv1xUV+azxAm8jdWZN06QTQk+2N2XB9jRDkvbmQmcRtg==

call-bind@^1.0.0, call-bind@^1.0.2:
  version "1.0.2"
  resolved "https://registry.npmjs.org/call-bind/-/call-bind-1.0.2.tgz#b1d4e89e688119c3c9a903ad30abb2f6a919be3c"
  integrity sha512-7O+FbCihrB5WGbFYesctwmTKae6rOiIzmz1icreWJ+0aA7LJfuqhEso2T9ncpcFtzMQtzXf2QGGueWJGTYsqrA==
  dependencies:
    function-bind "^1.1.1"
    get-intrinsic "^1.0.2"

chalk@^4.0.0:
  version "4.1.2"
  resolved "https://registry.npmjs.org/chalk/-/chalk-4.1.2.tgz#aac4e2b7734a740867aeb16bf02aad556a1e7a01"
  integrity sha512-oKnbhFyRIXpUuez8iBMmyEa4nbj4IOQyuhc/wy9kY7/WVPcwIO9VA668Pu8RkO7+0G76SLROeyw9CpQ061i4mA==
  dependencies:
    ansi-styles "^4.1.0"
    supports-color "^7.1.0"

check-iterable@^1.0.5:
  version "1.0.5"
  resolved "https://registry.npmjs.org/check-iterable/-/check-iterable-1.0.5.tgz#0ff57249f27733dc24b99c095a9049e6b0e508eb"
  integrity sha512-7mbGn9yS/Kz4v+a4qz4cc4IkgJSrxzkiWeMlHav/jrywg48S5Eo2WfH10Pq84wAPYBY8cjFr9yBoub8tCJKMZw==

class-without-call-parent-constructor@^2.0.4:
  version "2.0.4"
  resolved "https://registry.npmjs.org/class-without-call-parent-constructor/-/class-without-call-parent-constructor-2.0.4.tgz#17e15a9e1253c4b510031fd7c22605ec561761c1"
  integrity sha512-gPnGZPbVR49hj8URuzEjCx0qo/7YdT+0qii1C8BYznv5X2HP/uihGYN0wLMxKrv7HRbWxTlG4JOZQfq/vCujkQ==

"clean-stack@<4 >=3.0.1":
  version "3.0.1"
  resolved "https://registry.npmjs.org/clean-stack/-/clean-stack-3.0.1.tgz#155bf0b2221bf5f4fba89528d24c5953f17fe3a8"
  integrity sha512-lR9wNiMRcVQjSB3a7xXGLuz4cr4wJuuXlaAEbRutGowQTmlp7R72/DOgN21e8jdwblMWl9UOJMJXarX94pzKdg==
  dependencies:
    escape-string-regexp "4.0.0"

color-convert@^2.0.1:
  version "2.0.1"
  resolved "https://registry.npmjs.org/color-convert/-/color-convert-2.0.1.tgz#72d3a68d598c9bdb3af2ad1e84f21d896abd4de3"
  integrity sha512-RRECPsj7iu/xb5oKYcsFHSppFNnsj/52OVTRKb4zP5onXwVF3zVmmToNcOfGC+CRDpfK/U584fMg38ZHCaElKQ==
  dependencies:
    color-name "~1.1.4"

color-name@~1.1.4:
  version "1.1.4"
  resolved "https://registry.npmjs.org/color-name/-/color-name-1.1.4.tgz#c2a09a87acbde69543de6f63fa3995c826c536a2"
  integrity sha512-dOy+3AuW3a2wNbZHIuMZpTcgjGuLU/uBL/ubcZF9OXbDo8ff4O8yVp5Bf0efS8uEoYo5q4Fx7dY9OgQGXgAsQA==

core-js-pure@^3.22.7:
  version "3.22.7"
  resolved "https://registry.npmjs.org/core-js-pure/-/core-js-pure-3.22.7.tgz#f58489d9b309fa7b26486a0f70d4ec19a418084e"
  integrity sha512-wTriFxiZI+C8msGeh7fJcbC/a0V8fdInN1oS2eK79DMBGs8iIJiXhtFJCiT3rBa8w6zroHWW3p8ArlujZ/Mz+w==

crlf-normalize@^1.0.7:
  version "1.0.7"
  resolved "https://registry.npmjs.org/crlf-normalize/-/crlf-normalize-1.0.7.tgz#84044949d93b708b3623abd4661fe8173c3e543c"
  integrity sha512-USifFsvW0fI8BuHpR0zqHjr2uQdbQ5awWmk0UbWF/Y3jScR+6gFqukzfavi2FzrjQ65ihSMPNGx07K6CPno8sQ==
  dependencies:
    ts-type "^2.1.4"

"deep-eql@= 4.0.0":
  version "4.0.0"
  resolved "https://registry.npmjs.org/deep-eql/-/deep-eql-4.0.0.tgz#c70af2713a4e18d9c2c1203ff9d11abbd51c8fbd"
  integrity sha512-GxJC5MOg2KyQlv6WiUF/VAnMj4MWnYiXo4oLgeptOELVoknyErb4Z8+5F/IM/K4g9/80YzzatxmWcyRwUseH0A==
  dependencies:
    type-detect "^4.0.0"

define-properties@^1.1.3, define-properties@^1.1.4:
  version "1.1.4"
  resolved "https://registry.npmjs.org/define-properties/-/define-properties-1.1.4.tgz#0b14d7bd7fbeb2f3572c3a7eda80ea5d57fb05b1"
  integrity sha512-uckOqKcfaVvtBdsVkdPv3XjveQJsNQqmhXgRi8uhvWWuPYZCNlzT8qAyblUgNoXdHdjMTzAqeGjAoli8f+bzPA==
  dependencies:
    has-property-descriptors "^1.0.0"
    object-keys "^1.1.1"

diff-sequences@^27.5.1:
  version "27.5.1"
  resolved "https://registry.npmjs.org/diff-sequences/-/diff-sequences-27.5.1.tgz#eaecc0d327fd68c8d9672a1e64ab8dccb2ef5327"
  integrity sha512-k1gCAXAsNgLwEL+Y8Wvl+M6oEFj5bgazfZULpS5CneoPPXRaCCW7dm+q21Ky2VEE5X+VeRDBVg1Pcvvsr4TtNQ==

err-code@^3.0.1:
  version "3.0.1"
  resolved "https://registry.npmjs.org/err-code/-/err-code-3.0.1.tgz#a444c7b992705f2b120ee320b09972eef331c920"
  integrity sha512-GiaH0KJUewYok+eeY05IIgjtAe4Yltygk9Wqp1V5yVWLdhf0hYZchRjNIT9bb0mSwRcIusT3cx7PJUf3zEIfUA==

error-stack2@^2.0.2:
  version "2.0.2"
  resolved "https://registry.npmjs.org/error-stack2/-/error-stack2-2.0.2.tgz#3d1860ea7aee25d895802b8db7fbe8fc11af62c3"
  integrity sha512-wgATLyzVLbV6uOyuNzPjL9/BXYhBPZChR0vjbGA2RDj2lEqa3OJt7k4BYbL8CPuV8+/itOi6YW2M2wtybpB+xQ==
  dependencies:
    crlf-normalize "^1.0.7"
    err-code "^3.0.1"
    string-split-keep2 "^1.0.2"
    ts-type "^2.1.4"
    tslib "^2.3.1"

es-abstract@^1.19.0, es-abstract@^1.19.1, es-abstract@^1.19.2, es-abstract@^1.19.5:
  version "1.20.1"
  resolved "https://registry.npmjs.org/es-abstract/-/es-abstract-1.20.1.tgz#027292cd6ef44bd12b1913b828116f54787d1814"
  integrity sha512-WEm2oBhfoI2sImeM4OF2zE2V3BYdSF+KnSi9Sidz51fQHd7+JuF8Xgcj9/0o+OWeIeIS/MiuNnlruQrJf16GQA==
  dependencies:
    call-bind "^1.0.2"
    es-to-primitive "^1.2.1"
    function-bind "^1.1.1"
    function.prototype.name "^1.1.5"
    get-intrinsic "^1.1.1"
    get-symbol-description "^1.0.0"
    has "^1.0.3"
    has-property-descriptors "^1.0.0"
    has-symbols "^1.0.3"
    internal-slot "^1.0.3"
    is-callable "^1.2.4"
    is-negative-zero "^2.0.2"
    is-regex "^1.1.4"
    is-shared-array-buffer "^1.0.2"
    is-string "^1.0.7"
    is-weakref "^1.0.2"
    object-inspect "^1.12.0"
    object-keys "^1.1.1"
    object.assign "^4.1.2"
    regexp.prototype.flags "^1.4.3"
    string.prototype.trimend "^1.0.5"
    string.prototype.trimstart "^1.0.5"
    unbox-primitive "^1.0.2"

es-shim-unscopables@^1.0.0:
  version "1.0.0"
  resolved "https://registry.npmjs.org/es-shim-unscopables/-/es-shim-unscopables-1.0.0.tgz#702e632193201e3edf8713635d083d378e510241"
  integrity sha512-Jm6GPcCdC30eMLbZ2x8z2WuRwAws3zTBBKuusffYVUrNj/GVSUAZ+xKMaUpfNDR5IbyNA5LJbaecoUVbmUcB1w==
  dependencies:
    has "^1.0.3"

es-to-primitive@^1.2.1:
  version "1.2.1"
  resolved "https://registry.npmjs.org/es-to-primitive/-/es-to-primitive-1.2.1.tgz#e55cd4c9cdc188bcefb03b366c736323fc5c898a"
  integrity sha512-QCOllgZJtaUo9miYBcLChTUaHNjJF3PYs1VidD7AwiEj1kYxKeQTctLAezAOH5ZKRH0g2IgPn6KwB4IT8iRpvA==
  dependencies:
    is-callable "^1.1.4"
    is-date-object "^1.0.1"
    is-symbol "^1.0.2"

escape-string-regexp@4.0.0:
  version "4.0.0"
  resolved "https://registry.npmjs.org/escape-string-regexp/-/escape-string-regexp-4.0.0.tgz#14ba83a5d373e3d311e5afca29cf5bfad965bf34"
  integrity sha512-TtpcNJ3XAzx3Gq8sWRzJaVajRs0uVxA2YAkdb1jm2YkPz4G6egUFAyA3n5vtEIZefPk5Wa4UXbKuS5fKkJWdgA==

function-bind@^1.1.1:
  version "1.1.1"
  resolved "https://registry.npmjs.org/function-bind/-/function-bind-1.1.1.tgz#a56899d3ea3c9bab874bb9773b7c5ede92f4895d"
  integrity sha512-yIovAzMX49sF8Yl58fSCWJ5svSLuaibPxXQJFLmBObTuCr0Mf1KiPopGM9NiFjiYBCbfaa2Fh6breQ6ANVTI0A==

function.prototype.name@^1.1.5:
  version "1.1.5"
  resolved "https://registry.npmjs.org/function.prototype.name/-/function.prototype.name-1.1.5.tgz#cce0505fe1ffb80503e6f9e46cc64e46a12a9621"
  integrity sha512-uN7m/BzVKQnCUF/iW8jYea67v++2u7m5UgENbHRtdDVclOUP+FMPlCNdmk0h/ysGyo2tavMJEDqJAkJdRa1vMA==
  dependencies:
    call-bind "^1.0.2"
    define-properties "^1.1.3"
    es-abstract "^1.19.0"
    functions-have-names "^1.2.2"

functions-have-names@^1.2.2:
  version "1.2.3"
  resolved "https://registry.npmjs.org/functions-have-names/-/functions-have-names-1.2.3.tgz#0404fe4ee2ba2f607f0e0ec3c80bae994133b834"
  integrity sha512-xckBUXyTIqT97tq2x2AMb+g163b5JFysYk0x4qxNFwbfQkmNZoiRHb6sPzI9/QV33WeuvVYBUIiD4NzNIyqaRQ==

get-intrinsic@^1.0.2, get-intrinsic@^1.1.0, get-intrinsic@^1.1.1:
  version "1.1.1"
  resolved "https://registry.npmjs.org/get-intrinsic/-/get-intrinsic-1.1.1.tgz#15f59f376f855c446963948f0d24cd3637b4abc6"
  integrity sha512-kWZrnVM42QCiEA2Ig1bG8zjoIMOgxWwYCEeNdwY6Tv/cOSeGpcoX4pXHfKUxNKVoArnrEr2e9srnAxxGIraS9Q==
  dependencies:
    function-bind "^1.1.1"
    has "^1.0.3"
    has-symbols "^1.0.1"

get-symbol-description@^1.0.0:
  version "1.0.0"
  resolved "https://registry.npmjs.org/get-symbol-description/-/get-symbol-description-1.0.0.tgz#7fdb81c900101fbd564dd5f1a30af5aadc1e58d6"
  integrity sha512-2EmdH1YvIQiZpltCNgkuiUnyukzxM/R6NDJX31Ke3BG1Nq5b0S2PhX59UKi9vZpPDQVdqn+1IcaAwnzTT5vCjw==
  dependencies:
    call-bind "^1.0.2"
    get-intrinsic "^1.1.1"

globalthis@^1.0.2:
  version "1.0.3"
  resolved "https://registry.npmjs.org/globalthis/-/globalthis-1.0.3.tgz#5852882a52b80dc301b0660273e1ed082f0b6ccf"
  integrity sha512-sFdI5LyBiNTHjRd7cGPWapiHWMOXKyuBNX/cWJ3NfzrZQVa8GI/8cofCl74AOVqq9W5kNmguTIzJ/1s2gyI9wA==
  dependencies:
    define-properties "^1.1.3"

has-bigints@^1.0.1, has-bigints@^1.0.2:
  version "1.0.2"
  resolved "https://registry.npmjs.org/has-bigints/-/has-bigints-1.0.2.tgz#0871bd3e3d51626f6ca0966668ba35d5602d6eaa"
  integrity sha512-tSvCKtBr9lkF0Ex0aQiP9N+OpV4zi2r/Nee5VkRDbaqv35RLYMzbwQfFSZZH0kR+Rd6302UJZ2p/bJCEoR3VoQ==

has-flag@^4.0.0:
  version "4.0.0"
  resolved "https://registry.npmjs.org/has-flag/-/has-flag-4.0.0.tgz#944771fd9c81c81265c4d6941860da06bb59479b"
  integrity sha512-EykJT/Q1KjTWctppgIAgfSO0tKVuZUjhgMr17kqTumMl6Afv3EISleU7qZUzoXDFTAHTDC4NOoG/ZxU3EvlMPQ==

has-property-descriptors@^1.0.0:
  version "1.0.0"
  resolved "https://registry.npmjs.org/has-property-descriptors/-/has-property-descriptors-1.0.0.tgz#610708600606d36961ed04c196193b6a607fa861"
  integrity sha512-62DVLZGoiEBDHQyqG4w9xCuZ7eJEwNmJRWw2VY84Oedb7WFcA27fiEVe8oUQx9hAUJ4ekurquucTGwsyO1XGdQ==
  dependencies:
    get-intrinsic "^1.1.1"

has-symbols@^1.0.1, has-symbols@^1.0.2, has-symbols@^1.0.3:
  version "1.0.3"
  resolved "https://registry.npmjs.org/has-symbols/-/has-symbols-1.0.3.tgz#bb7b2c4349251dce87b125f7bdf874aa7c8b39f8"
  integrity sha512-l3LCuF6MgDNwTDKkdYGEihYjt5pRPbEg46rtlmnSPlUbgmB8LOIrKJbYYFBSbnPaJexMKtiPO8hmeRjRz2Td+A==

has-tostringtag@^1.0.0:
  version "1.0.0"
  resolved "https://registry.npmjs.org/has-tostringtag/-/has-tostringtag-1.0.0.tgz#7e133818a7d394734f941e73c3d3f9291e658b25"
  integrity sha512-kFjcSNhnlGV1kyoGk7OXKSawH5JOb/LzUc5w9B02hOTO0dfFRjbHQKvg1d6cf3HbeUmtU9VbbV3qzZ2Teh97WQ==
  dependencies:
    has-symbols "^1.0.2"

has@^1.0.3:
  version "1.0.3"
  resolved "https://registry.npmjs.org/has/-/has-1.0.3.tgz#722d7cbfc1f6aa8241f16dd814e011e1f41e8796"
  integrity sha512-f2dvO0VU6Oej7RkWJGrehjbzMAjFp5/VKPp5tTpWIV4JHHZK1/BxbFRtf/siA2SWTe09caDmVtYYzWEIbBS4zw==
  dependencies:
    function-bind "^1.1.1"

"indent-string@<5 >=4":
  version "4.0.0"
  resolved "https://registry.npmjs.org/indent-string/-/indent-string-4.0.0.tgz#624f8f4497d619b2d9768531d58f4122854d7251"
  integrity sha512-EdDDZu4A2OyIK7Lr/2zG+w5jmbuk1DVBnEwREQvBzspBJkCEbRa8GxU1lghYcaGJCnRWibjDXlq779X1/y5xwg==

internal-slot@^1.0.3:
  version "1.0.3"
  resolved "https://registry.npmjs.org/internal-slot/-/internal-slot-1.0.3.tgz#7347e307deeea2faac2ac6205d4bc7d34967f59c"
  integrity sha512-O0DB1JC/sPyZl7cIo78n5dR7eUSwwpYPiXRhTzNxZVAMUuB8vlnRFyLxdrVToks6XPLVnFfbzaVd5WLjhgg+vA==
  dependencies:
    get-intrinsic "^1.1.0"
    has "^1.0.3"
    side-channel "^1.0.4"

is-bigint@^1.0.1:
  version "1.0.4"
  resolved "https://registry.npmjs.org/is-bigint/-/is-bigint-1.0.4.tgz#08147a1875bc2b32005d41ccd8291dffc6691df3"
  integrity sha512-zB9CruMamjym81i2JZ3UMn54PKGsQzsJeo6xvN3HJJ4CAsQNB6iRutp2To77OfCNuoxspsIhzaPoO1zyCEhFOg==
  dependencies:
    has-bigints "^1.0.1"

is-boolean-object@^1.1.0:
  version "1.1.2"
  resolved "https://registry.npmjs.org/is-boolean-object/-/is-boolean-object-1.1.2.tgz#5c6dc200246dd9321ae4b885a114bb1f75f63719"
  integrity sha512-gDYaKHJmnj4aWxyj6YHyXVpdQawtVLHU5cb+eztPGczf6cjuTdwve5ZIEfgXqH4e57An1D1AKf8CZ3kYrQRqYA==
  dependencies:
    call-bind "^1.0.2"
    has-tostringtag "^1.0.0"

is-callable@^1.1.4, is-callable@^1.2.4:
  version "1.2.4"
  resolved "https://registry.npmjs.org/is-callable/-/is-callable-1.2.4.tgz#47301d58dd0259407865547853df6d61fe471945"
  integrity sha512-nsuwtxZfMX67Oryl9LCQ+upnC0Z0BgpwntpS89m1H/TLF0zNfzfLMV/9Wa/6MZsj0acpEjAO0KF1xT6ZdLl95w==

is-date-object@^1.0.1:
  version "1.0.5"
  resolved "https://registry.npmjs.org/is-date-object/-/is-date-object-1.0.5.tgz#0841d5536e724c25597bf6ea62e1bd38298df31f"
  integrity sha512-9YQaSxsAiSwcvS33MBk3wTCVnWK+HhF8VZR2jRxehM16QcVOdHqPn4VPHmRK4lSr38n9JriurInLcP90xsYNfQ==
  dependencies:
    has-tostringtag "^1.0.0"

is-negative-zero@^2.0.2:
  version "2.0.2"
  resolved "https://registry.npmjs.org/is-negative-zero/-/is-negative-zero-2.0.2.tgz#7bf6f03a28003b8b3965de3ac26f664d765f3150"
  integrity sha512-dqJvarLawXsFbNDeJW7zAz8ItJ9cd28YufuuFzh0G8pNHjJMnY08Dv7sYX2uF5UpQOwieAeOExEYAWWfu7ZZUA==

is-number-object@^1.0.4:
  version "1.0.7"
  resolved "https://registry.npmjs.org/is-number-object/-/is-number-object-1.0.7.tgz#59d50ada4c45251784e9904f5246c742f07a42fc"
  integrity sha512-k1U0IRzLMo7ZlYIfzRu23Oh6MiIFasgpb9X76eqfFZAqwH44UI4KTBvBYIZ1dSL9ZzChTB9ShHfLkR4pdW5krQ==
  dependencies:
    has-tostringtag "^1.0.0"

"is-plain-object@< 5 >= 4":
  version "4.1.1"
  resolved "https://registry.npmjs.org/is-plain-object/-/is-plain-object-4.1.1.tgz#1a14d6452cbd50790edc7fdaa0aed5a40a35ebb5"
  integrity sha512-5Aw8LLVsDlZsETVMhoMXzqsXwQqr/0vlnBYzIXJbYo2F4yYlhLHs+Ez7Bod7IIQKWkJbJfxrWD7pA1Dw1TKrwA==

is-regex@^1.1.4:
  version "1.1.4"
  resolved "https://registry.npmjs.org/is-regex/-/is-regex-1.1.4.tgz#eef5663cd59fa4c0ae339505323df6854bb15958"
  integrity sha512-kvRdxDsxZjhzUX07ZnLydzS1TU/TJlTUHHY4YLL87e37oUA49DfkLqgy+VjFocowy29cKvcSiu+kIv728jTTVg==
  dependencies:
    call-bind "^1.0.2"
    has-tostringtag "^1.0.0"

is-shared-array-buffer@^1.0.2:
  version "1.0.2"
  resolved "https://registry.npmjs.org/is-shared-array-buffer/-/is-shared-array-buffer-1.0.2.tgz#8f259c573b60b6a32d4058a1a07430c0a7344c79"
  integrity sha512-sqN2UDu1/0y6uvXyStCOzyhAjCSlHceFoMKJW8W9EU9cvic/QdsZ0kEU93HEy3IUEFZIiH/3w+AH/UQbPHNdhA==
  dependencies:
    call-bind "^1.0.2"

is-string@^1.0.5, is-string@^1.0.7:
  version "1.0.7"
  resolved "https://registry.npmjs.org/is-string/-/is-string-1.0.7.tgz#0dd12bf2006f255bb58f695110eff7491eebc0fd"
  integrity sha512-tE2UXzivje6ofPW7l23cjDOMa09gb7xlAqG6jG5ej6uPV32TlWP3NKPigtaGeHNu9fohccRYvIiZMfOOnOYUtg==
  dependencies:
    has-tostringtag "^1.0.0"

is-symbol@^1.0.2, is-symbol@^1.0.3:
  version "1.0.4"
  resolved "https://registry.npmjs.org/is-symbol/-/is-symbol-1.0.4.tgz#a6dac93b635b063ca6872236de88910a57af139c"
  integrity sha512-C/CPBqKWnvdcxqIARxyOh4v1UUEOCHpgDa0WYgpKDFMszcrPcffg5uhwSgPCLD2WWxmq6isisz87tzT01tuGhg==
  dependencies:
    has-symbols "^1.0.2"

is-weakref@^1.0.2:
  version "1.0.2"
  resolved "https://registry.npmjs.org/is-weakref/-/is-weakref-1.0.2.tgz#9529f383a9338205e89765e0392efc2f100f06f2"
  integrity sha512-qctsuLZmIQ0+vSSMfoVvyFe2+GSEvnmZ2ezTup1SBse9+twCCeial6EEi3Nc2KFcf6+qz2FBPnjXsk8xhKSaPQ==
  dependencies:
    call-bind "^1.0.2"

jest-diff@^27.5.1:
  version "27.5.1"
  resolved "https://registry.npmjs.org/jest-diff/-/jest-diff-27.5.1.tgz#a07f5011ac9e6643cf8a95a462b7b1ecf6680def"
  integrity sha512-m0NvkX55LDt9T4mctTEgnZk3fmEg3NRYutvMPWM/0iPnkFj2wIeF45O1718cMSOFO1vINkqmxqD8vE37uTEbqw==
  dependencies:
    chalk "^4.0.0"
    diff-sequences "^27.5.1"
    jest-get-type "^27.5.1"
    pretty-format "^27.5.1"

jest-get-type@^27.5.1:
  version "27.5.1"
  resolved "https://registry.npmjs.org/jest-get-type/-/jest-get-type-27.5.1.tgz#3cd613c507b0f7ace013df407a1c1cd578bcb4f1"
  integrity sha512-2KY95ksYSaK7DMBWQn6dQz3kqAf3BB64y2udeG+hv4KfSOb9qwcYQstTJc1KCbsix+wLZWZYN8t7nwX3GOBLRw==

jest-matcher-utils@^27.0.0:
  version "27.5.1"
  resolved "https://registry.npmjs.org/jest-matcher-utils/-/jest-matcher-utils-27.5.1.tgz#9c0cdbda8245bc22d2331729d1091308b40cf8ab"
  integrity sha512-z2uTx/T6LBaCoNWNFWwChLBKYxTMcGBRjAt+2SbP929/Fflb9aa5LGma654Rz8z9HLxsrUaYzxE9T/EFIL/PAw==
  dependencies:
    chalk "^4.0.0"
    jest-diff "^27.5.1"
    jest-get-type "^27.5.1"
    pretty-format "^27.5.1"

lodash@^4.17.21:
  version "4.17.21"
  resolved "https://registry.npmjs.org/lodash/-/lodash-4.17.21.tgz#679591c564c3bffaae8454cf0b3df370c3d6911c"
  integrity sha512-v2kDEe57lecTulaDIuNTPy3Ry4gLGJ6Z1O3vE1krgXZNrsQ+LFTGHVxVjcXPs17LhbZVGedAJv8XZ1tvj5FvSg==

lru-cache@^6.0.0:
  version "6.0.0"
  resolved "https://registry.npmjs.org/lru-cache/-/lru-cache-6.0.0.tgz#6d6fe6570ebd96aaf90fcad1dafa3b2566db3a94"
  integrity sha512-Jo6dJ04CmSjuznwJSS3pUeWmd/H0ffTlkXXgwZi+eq1UCmqQwCh+eLsYOYCwY991i2Fah4h1BEMCx4qThGbsiA==
  dependencies:
    yallist "^4.0.0"

object-inspect@^1.12.0, object-inspect@^1.9.0:
  version "1.12.2"
  resolved "https://registry.npmjs.org/object-inspect/-/object-inspect-1.12.2.tgz#c0641f26394532f28ab8d796ab954e43c009a8ea"
  integrity sha512-z+cPxW0QGUp0mcqcsgQyLVRDoXFQbXOwBaqyF7VIgI4TWNQsDHrBpUQslRmIfAoYWdYzs6UlKJtB2XJpTaNSpQ==

object-keys@^1.1.1:
  version "1.1.1"
  resolved "https://registry.npmjs.org/object-keys/-/object-keys-1.1.1.tgz#1c47f272df277f3b1daf061677d9c82e2322c60e"
  integrity sha512-NuAESUOUMrlIXOfHKzD6bpPu3tYt3xvjNdRIQ+FeT0lNb4K8WR70CaDxhuNguS2XG+GjkyMwOzsN5ZktImfhLA==

object.assign@^4.1.2:
  version "4.1.2"
  resolved "https://registry.npmjs.org/object.assign/-/object.assign-4.1.2.tgz#0ed54a342eceb37b38ff76eb831a0e788cb63940"
  integrity sha512-ixT2L5THXsApyiUPYKmW+2EHpXXe5Ii3M+f4e+aJFAHao5amFRW6J0OO6c/LU8Be47utCx2GL89hxGB6XSmKuQ==
  dependencies:
    call-bind "^1.0.0"
    define-properties "^1.1.3"
    has-symbols "^1.0.1"
    object-keys "^1.1.1"

pretty-format@^27.0.0, pretty-format@^27.5.1:
  version "27.5.1"
  resolved "https://registry.npmjs.org/pretty-format/-/pretty-format-27.5.1.tgz#2181879fdea51a7a5851fb39d920faa63f01d88e"
  integrity sha512-Qb1gy5OrP5+zDf2Bvnzdl3jsTf1qXVMazbvCoKhtKqVs4/YK4ozX4gKQJJVyNe+cajNPn0KoC0MC3FUmaHWEmQ==
  dependencies:
    ansi-regex "^5.0.1"
    ansi-styles "^5.0.0"
    react-is "^17.0.1"

react-is@^17.0.1:
  version "17.0.2"
  resolved "https://registry.npmjs.org/react-is/-/react-is-17.0.2.tgz#e691d4a8e9c789365655539ab372762b0efb54f0"
  integrity sha512-w2GsyukL62IJnlaff/nRegPQR94C/XXamvMWmSHRJ4y7Ts/4ocGRmTHvOs8PSE6pB3dWOrD/nueuU5sduBsQ4w==

reflect.ownkeys@^1.0.2:
  version "1.1.0"
  resolved "https://registry.npmjs.org/reflect.ownkeys/-/reflect.ownkeys-1.1.0.tgz#a31da5839aa294738159eedcb326072ec9187166"
  integrity sha512-uu6wMh5BRw+iIXtzwbt7yeNISgpgBTYRp+1wBJ+m2sWwpeIlIRTuVIh7m3a7VYpjcCRW7qIcgLS/+HIPd85v6g==
  dependencies:
    call-bind "^1.0.2"
    define-properties "^1.1.3"
    es-abstract "^1.19.1"
    globalthis "^1.0.2"

regexp.prototype.flags@^1.4.3:
  version "1.4.3"
  resolved "https://registry.npmjs.org/regexp.prototype.flags/-/regexp.prototype.flags-1.4.3.tgz#87cab30f80f66660181a3bb7bf5981a872b367ac"
  integrity sha512-fjggEOO3slI6Wvgjwflkc4NFRCTZAu5CnNfBd5qOMYhWdn67nJBBu34/TkD++eeFmd8C9r9jfXJ27+nSiRkSUA==
  dependencies:
    call-bind "^1.0.2"
    define-properties "^1.1.3"
    functions-have-names "^1.2.2"

semver@^7.3.7:
  version "7.3.7"
  resolved "https://registry.npmjs.org/semver/-/semver-7.3.7.tgz#12c5b649afdbf9049707796e22a4028814ce523f"
  integrity sha512-QlYTucUYOews+WeEujDoEGziz4K6c47V/Bd+LjSSYcA94p+DmINdf7ncaUinThfvZyu13lN9OY1XDxt8C0Tw0g==
  dependencies:
    lru-cache "^6.0.0"

side-channel@^1.0.4:
  version "1.0.4"
  resolved "https://registry.npmjs.org/side-channel/-/side-channel-1.0.4.tgz#efce5c8fdc104ee751b25c58d4290011fa5ea2cf"
  integrity sha512-q5XPytqFEIKHkGdiMIrY10mvLRvnQh42/+GoBlFW3b2LXLE2xxJpZFdm94we0BaoV3RwJyGqg5wS7epxTv0Zvw==
  dependencies:
    call-bind "^1.0.0"
    get-intrinsic "^1.0.2"
    object-inspect "^1.9.0"

string-split-keep2@^1.0.2:
  version "1.0.2"
  resolved "https://registry.npmjs.org/string-split-keep2/-/string-split-keep2-1.0.2.tgz#db255a44f6d11e95004ebc0cf47b8fc8412076fa"
  integrity sha512-/c6O1DASLhPV/fX17fiilLhRf2KmhVV+/tWOQczVt/9SQMBlio/1VsCcVWpjhRxIFuLc+P21zHWjQYZ8CsACTw==

string.prototype.trimend@^1.0.5:
  version "1.0.5"
  resolved "https://registry.npmjs.org/string.prototype.trimend/-/string.prototype.trimend-1.0.5.tgz#914a65baaab25fbdd4ee291ca7dde57e869cb8d0"
  integrity sha512-I7RGvmjV4pJ7O3kdf+LXFpVfdNOxtCW/2C8f6jNiW4+PQchwxkCDzlk1/7p+Wl4bqFIZeF47qAHXLuHHWKAxog==
  dependencies:
    call-bind "^1.0.2"
    define-properties "^1.1.4"
    es-abstract "^1.19.5"

string.prototype.trimstart@^1.0.5:
  version "1.0.5"
  resolved "https://registry.npmjs.org/string.prototype.trimstart/-/string.prototype.trimstart-1.0.5.tgz#5466d93ba58cfa2134839f81d7f42437e8c01fef"
  integrity sha512-THx16TJCGlsN0o6dl2o6ncWUsdgnLRSA23rRE5pyGBw/mLr3Ej/R2LaqCtgP8VNMGZsvMWnf9ooZPyY2bHvUFg==
  dependencies:
    call-bind "^1.0.2"
    define-properties "^1.1.4"
    es-abstract "^1.19.5"

supports-color@^7.1.0:
  version "7.2.0"
  resolved "https://registry.npmjs.org/supports-color/-/supports-color-7.2.0.tgz#1b7dcdcb32b8138801b3e478ba6a51caa89648da"
  integrity sha512-qpCAvRl9stuOHveKsn7HncJRvv501qIacKzQlO/+Lwxc9+0q2wLyv4Dfvt80/DPn2pqOBsJdDiogXGR9+OvwRw==
  dependencies:
    has-flag "^4.0.0"

symbol.inspect@^1.0.1:
  version "1.0.1"
  resolved "https://registry.npmjs.org/symbol.inspect/-/symbol.inspect-1.0.1.tgz#e13125b8038c4996eb0dfa1567332ad4dcd0763f"
  integrity sha512-YQSL4duoHmLhsTD1Pw8RW6TZ5MaTX5rXJnqacJottr2P2LZBF/Yvrc3ku4NUpMOm8aM0KOCqM+UAkMA5HWQCzQ==

ts-type@^2.1.4, ts-type@^2.1.6:
  version "2.1.6"
  resolved "https://registry.npmjs.org/ts-type/-/ts-type-2.1.6.tgz#b0416b0aef81ba2e2028645c2e5b22c4ce2b0a72"
  integrity sha512-h2P5O6brCkIm6IN7x61BEC8RaZFKEWqS7Z2DWY8Z7/o+sl3RvCkaRvUeH4JG26T3Fm4zZkaeFex8QAmz24yBTA==
  dependencies:
    tslib "^2.3.1"
    typedarray-dts "^1.0.0"

tslib@^2, tslib@^2.3.1:
  version "2.4.0"
  resolved "https://registry.npmjs.org/tslib/-/tslib-2.4.0.tgz#7cecaa7f073ce680a05847aa77be941098f36dc3"
  integrity sha512-d6xOpEDfsi2CZVlPQzGeux8XMwLT9hssAsaPYExaQMuYskwb+x1x7J371tWlbBdWHroy99KnVB6qIkUbs5X3UQ==

type-detect@^4.0.0:
  version "4.0.8"
  resolved "https://registry.npmjs.org/type-detect/-/type-detect-4.0.8.tgz#7646fb5f18871cfbb7749e69bd39a6388eb7450c"
  integrity sha512-0fr/mIH1dlO+x7TlcMy+bIDqKPsw/70tVyeHW787goQjhmqaZe10uwLujubK9q9Lg6Fiho1KUKDYz0Z7k7g5/g==

typedarray-dts@^1.0.0:
  version "1.0.0"
  resolved "https://registry.npmjs.org/typedarray-dts/-/typedarray-dts-1.0.0.tgz#9dec9811386dbfba964c295c2606cf9a6b982d06"
  integrity sha512-Ka0DBegjuV9IPYFT1h0Qqk5U4pccebNIJCGl8C5uU7xtOs+jpJvKGAY4fHGK25hTmXZOEUl9Cnsg5cS6K/b5DA==

unbox-primitive@^1.0.2:
  version "1.0.2"
  resolved "https://registry.npmjs.org/unbox-primitive/-/unbox-primitive-1.0.2.tgz#29032021057d5e6cdbd08c5129c226dff8ed6f9e"
  integrity sha512-61pPlCD9h51VoreyJ0BReideM3MDKMKnh6+V9L08331ipq6Q8OFXZYiqP6n/tbHx4s5I9uRhcye6BrbkizkBDw==
  dependencies:
    call-bind "^1.0.2"
    has-bigints "^1.0.2"
    has-symbols "^1.0.3"
    which-boxed-primitive "^1.0.2"

which-boxed-primitive@^1.0.2:
  version "1.0.2"
  resolved "https://registry.npmjs.org/which-boxed-primitive/-/which-boxed-primitive-1.0.2.tgz#13757bc89b209b049fe5d86430e21cf40a89a8e6"
  integrity sha512-bwZdv0AKLpplFY2KZRX6TvyuN7ojjr7lwkg6ml0roIy9YeuSr7JS372qlNW18UQYzgYK9ziGcerWqZOmEn9VNg==
  dependencies:
    is-bigint "^1.0.1"
    is-boolean-object "^1.1.0"
    is-number-object "^1.0.4"
    is-string "^1.0.5"
    is-symbol "^1.0.3"

yallist@^4.0.0:
  version "4.0.0"
  resolved "https://registry.npmjs.org/yallist/-/yallist-4.0.0.tgz#9bb92790d9c0effec63be73519e11a35019a3a72"
  integrity sha512-3wdGidZyq5PB084XLES5TpOSRA3wjXAlIWMhum2kRcv/41Sn2emQ0dycQW4uZXLejwKvg6EsvbdlVL+FYEct7A==
